// !$*UTF8*$!
{
	archiveVersion = 1;
	classes = {
	};
	objectVersion = 46;
	objects = {

/* Begin PBXBuildFile section */
		062DEF0440024C1D8A0F3CF4 /* BiquadFilterNode.cpp in Sources */ = {isa = PBXBuildFile; fileRef = B20AB29F4724416094B75034 /* BiquadFilterNode.cpp */; settings = {COMPILER_FLAGS = ""; }; };
		1E5C8F4CBAA84ACBB501779B /* AudioFormatsManager.cpp in Sources */ = {isa = PBXBuildFile; fileRef = 225A754C5C26460689019A5A /* AudioFormatsManager.cpp */; settings = {COMPILER_FLAGS = ""; }; };
		1F9981795AFA4F068C742D73 /* AudioGainNode.cpp in Sources */ = {isa = PBXBuildFile; fileRef = 29761D5A1A4848A9A9CE8AC6 /* AudioGainNode.cpp */; settings = {COMPILER_FLAGS = ""; }; };
		21A74DD118314BB2B7C0D45E /* nodal_dummy.c in Sources */ = {isa = PBXBuildFile; fileRef = 2B6EEF81F9D440EC98EA59DC /* nodal_dummy.c */; settings = {COMPILER_FLAGS = ""; }; };
		3AD6EB2F90154DCFB1350DED /* DmFFT.cpp in Sources */ = {isa = PBXBuildFile; fileRef = 700D6948F95747FCB0E833EC /* DmFFT.cpp */; settings = {COMPILER_FLAGS = ""; }; };
		4764571B72194ADAB1AD131F /* DmComplex.cpp in Sources */ = {isa = PBXBuildFile; fileRef = B0DD7C41CDED4FBAB64BF56E /* DmComplex.cpp */; settings = {COMPILER_FLAGS = ""; }; };
		4983C8E8D2DB49A18042675F /* DspUtilities.cpp in Sources */ = {isa = PBXBuildFile; fileRef = 8E67780AB09E4F92A9F6358B /* DspUtilities.cpp */; settings = {COMPILER_FLAGS = ""; }; };
		53378E5FDEDA4AFAABD09B4A /* Log.cpp in Sources */ = {isa = PBXBuildFile; fileRef = 4A09B5E394F24722889AAB7B /* Log.cpp */; settings = {COMPILER_FLAGS = ""; }; };
		5F706601FBE1446AA8786B20 /* DelayNode.cpp in Sources */ = {isa = PBXBuildFile; fileRef = 40359450A7C14AE59AFC57AA /* DelayNode.cpp */; settings = {COMPILER_FLAGS = ""; }; };
		694BF7B6915545FFB49EC74C /* AudioContext.cpp in Sources */ = {isa = PBXBuildFile; fileRef = F2DF0AC3614B4E78B01E1F2C /* AudioContext.cpp */; settings = {COMPILER_FLAGS = ""; }; };
		6A74AF45E9D54E11925DBAB8 /* AudioNodeInput.cpp in Sources */ = {isa = PBXBuildFile; fileRef = BC629CAFDD514E52B2D53721 /* AudioNodeInput.cpp */; settings = {COMPILER_FLAGS = ""; }; };
		802D70B46D394A2F8797585A /* ChannelSplitterNode.cpp in Sources */ = {isa = PBXBuildFile; fileRef = 8C0AE23FFEC2419AA014CFE9 /* ChannelSplitterNode.cpp */; settings = {COMPILER_FLAGS = ""; }; };
		90B8742B9D40494C847DCB67 /* StringUtilitiesMac.mm in Sources */ = {isa = PBXBuildFile; fileRef = FF43A40AFD2341F1B2E756F7 /* StringUtilitiesMac.mm */; settings = {COMPILER_FLAGS = ""; }; };
		928B592D64B14281AB691250 /* ChannelMergerNode.cpp in Sources */ = {isa = PBXBuildFile; fileRef = 91462508C4DB4E6283BE65AA /* ChannelMergerNode.cpp */; settings = {COMPILER_FLAGS = ""; }; };
		A141D45747834CFBB5FC73C2 /* OscillatorNode.cpp in Sources */ = {isa = PBXBuildFile; fileRef = 14E37F1383D34492B22293EC /* OscillatorNode.cpp */; settings = {COMPILER_FLAGS = ""; }; };
		AA3FBC37B2E246C693C3A9EA /* AudioNodeOutput.cpp in Sources */ = {isa = PBXBuildFile; fileRef = 5677B38EE2EA42B6AC58E17E /* AudioNodeOutput.cpp */; settings = {COMPILER_FLAGS = ""; }; };
		AD9E5E867443467ABC3EDDA9 /* WaveShaperNode.cpp in Sources */ = {isa = PBXBuildFile; fileRef = 730A77764CA44D5F84339AE6 /* WaveShaperNode.cpp */; settings = {COMPILER_FLAGS = ""; }; };
		B3FB12AB32A444328DEBC581 /* AudioBufferSourceNode.cpp in Sources */ = {isa = PBXBuildFile; fileRef = A63ACC8CAA3947B4AF835282 /* AudioBufferSourceNode.cpp */; settings = {COMPILER_FLAGS = ""; }; };
		B504295B286A4659B0D3937C /* Oscillator.cpp in Sources */ = {isa = PBXBuildFile; fileRef = B351C7CE44EC4E45BE6AF140 /* Oscillator.cpp */; settings = {COMPILER_FLAGS = ""; }; };
		C4E8FAB8D2E747B1BC76B01A /* DynamicsCompressorNode.cpp in Sources */ = {isa = PBXBuildFile; fileRef = 9D0EA5E94DF74E2595D116D2 /* DynamicsCompressorNode.cpp */; settings = {COMPILER_FLAGS = ""; }; };
		C9C0B00DBE1B4DEC98F3BE40 /* AudioNode.cpp in Sources */ = {isa = PBXBuildFile; fileRef = 39DA3E028F64407EA73709AB /* AudioNode.cpp */; settings = {COMPILER_FLAGS = ""; }; };
		CBD6AD162E2D4DA2B506276A /* LogMac.mm in Sources */ = {isa = PBXBuildFile; fileRef = 965A1D213A1842F8A1A71214 /* LogMac.mm */; settings = {COMPILER_FLAGS = ""; }; };
		D9D7BA84FB1740778644B4D3 /* AudioFormat_ogg.cpp in Sources */ = {isa = PBXBuildFile; fileRef = F9AD2D2BC7ED4DF383EDF0ED /* AudioFormat_ogg.cpp */; settings = {COMPILER_FLAGS = "-Wno-unused-value -Wno-sign-compare -Wno-all"; }; };
		DF6A18A94B514BD1A0EEBA86 /* AudioInputNode.cpp in Sources */ = {isa = PBXBuildFile; fileRef = 8FA53360F9954FA9AADD0193 /* AudioInputNode.cpp */; settings = {COMPILER_FLAGS = ""; }; };
		DF8148DF67F14ADBA85533EF /* AudioFormat_CoreAudio.cpp in Sources */ = {isa = PBXBuildFile; fileRef = 3EE70C9F46FA4DF6AD90AEF6 /* AudioFormat_CoreAudio.cpp */; settings = {COMPILER_FLAGS = ""; }; };
		E0CD5C9AE0204E1EA79372A8 /* InMemoryBuffer.cpp in Sources */ = {isa = PBXBuildFile; fileRef = D8B6593A8A7E4FC9806C9FC8 /* InMemoryBuffer.cpp */; settings = {COMPILER_FLAGS = ""; }; };
		E95C7132FF0C43B19F186653 /* ControlTimeline.cpp in Sources */ = {isa = PBXBuildFile; fileRef = 0681F2AE5C7542BA8110BF3E /* ControlTimeline.cpp */; settings = {COMPILER_FLAGS = ""; }; };
		F12A9399F4E94DC28D1FE070 /* SummingNode.cpp in Sources */ = {isa = PBXBuildFile; fileRef = 17C22E081E1F422BB439E415 /* SummingNode.cpp */; settings = {COMPILER_FLAGS = ""; }; };
		F4E62B5CDEDF4C93A622D9CE /* AudioFileReader.cpp in Sources */ = {isa = PBXBuildFile; fileRef = 40B06E2739D547F1A20B3386 /* AudioFileReader.cpp */; settings = {COMPILER_FLAGS = ""; }; };
/* End PBXBuildFile section */

/* Begin PBXContainerItemProxy section */
		25BB8F6EDB50488F8D6D646E /* PBXContainerItemProxy */ = {
			isa = PBXContainerItemProxy;
			containerPortal = D04A2C90AE424C838AA6E1F4 /* Project object */;
			proxyType = 1;
			remoteGlobalIDString = AD9593727DF84E158451F7CD;
			remoteInfo = "dm-utils";
		};
		3C4C12B65A254310975CE18F /* PBXContainerItemProxy */ = {
			isa = PBXContainerItemProxy;
			containerPortal = D04A2C90AE424C838AA6E1F4 /* Project object */;
			proxyType = 1;
			remoteGlobalIDString = 2BD94F6F5C40455C9090F00B;
			remoteInfo = "dm-audioengine";
		};
		61E1826731A446E6B1240E9F /* PBXContainerItemProxy */ = {
			isa = PBXContainerItemProxy;
			containerPortal = D04A2C90AE424C838AA6E1F4 /* Project object */;
			proxyType = 1;
			remoteGlobalIDString = 7DB21781EA944A86B6E28268;
			remoteInfo = "dm-log";
		};
		97D13E9DE1B943A89B7B906C /* PBXContainerItemProxy */ = {
			isa = PBXContainerItemProxy;
			containerPortal = D04A2C90AE424C838AA6E1F4 /* Project object */;
			proxyType = 1;
			remoteGlobalIDString = 435BD5413F664020A1B2D63A;
			remoteInfo = "dm-audiomidi";
		};
		F060060AE1E14D9383A8B9D3 /* PBXContainerItemProxy */ = {
			isa = PBXContainerItemProxy;
			containerPortal = D04A2C90AE424C838AA6E1F4 /* Project object */;
			proxyType = 1;
			remoteGlobalIDString = CE595B1604124D77B3769E2F;
			remoteInfo = "dm-dsp";
		};
/* End PBXContainerItemProxy section */

/* Begin PBXFileReference section */
		0681F2AE5C7542BA8110BF3E /* ControlTimeline.cpp */ = {isa = PBXFileReference; explicitFileType = sourcecode.cpp.cpp; fileEncoding = 4; name = ControlTimeline.cpp; path = "dm-audioengine/src/ControlTimeline.cpp"; sourceTree = SOURCE_ROOT; };
		0796C377BC0E4968AF5634FB /* BiquadFilter.hpp */ = {isa = PBXFileReference; explicitFileType = sourcecode.cpp.h; fileEncoding = 4; name = BiquadFilter.hpp; path = "dm-dsp/include/BiquadFilter.hpp"; sourceTree = SOURCE_ROOT; };
		0EBA8BFF52C24A8FAF27D46A /* CMakeLists.txt */ = {isa = PBXFileReference; explicitFileType = sourcecode.text; fileEncoding = 4; lastKnownFileType = text; name = CMakeLists.txt; path = "dm-dsp/CMakeLists.txt"; sourceTree = SOURCE_ROOT; };
		14B5C027699E4359B57CEC40 /* AudioFileReader.hpp */ = {isa = PBXFileReference; explicitFileType = sourcecode.cpp.h; fileEncoding = 4; name = AudioFileReader.hpp; path = "dm-audioengine/src/AudioFileReader.hpp"; sourceTree = SOURCE_ROOT; };
		14E37F1383D34492B22293EC /* OscillatorNode.cpp */ = {isa = PBXFileReference; explicitFileType = sourcecode.cpp.cpp; fileEncoding = 4; name = OscillatorNode.cpp; path = "dm-audioengine/src/OscillatorNode.cpp"; sourceTree = SOURCE_ROOT; };
		17C22E081E1F422BB439E415 /* SummingNode.cpp */ = {isa = PBXFileReference; explicitFileType = sourcecode.cpp.cpp; fileEncoding = 4; name = SummingNode.cpp; path = "dm-audioengine/src/SummingNode.cpp"; sourceTree = SOURCE_ROOT; };
		1A60FCE348D04145BD9241BE /* AudioFormatsManager.hpp */ = {isa = PBXFileReference; explicitFileType = sourcecode.cpp.h; fileEncoding = 4; name = AudioFormatsManager.hpp; path = "dm-audiomidi/include/AudioFormatsManager.hpp"; sourceTree = SOURCE_ROOT; };
		1FDF7335A1184746B4D1446D /* NullMutex.hpp */ = {isa = PBXFileReference; explicitFileType = sourcecode.cpp.h; fileEncoding = 4; name = NullMutex.hpp; path = "dm-utils/include/NullMutex.hpp"; sourceTree = SOURCE_ROOT; };
		225A754C5C26460689019A5A /* AudioFormatsManager.cpp */ = {isa = PBXFileReference; explicitFileType = sourcecode.cpp.cpp; fileEncoding = 4; name = AudioFormatsManager.cpp; path = "dm-audiomidi/src/AudioFormatsManager.cpp"; sourceTree = SOURCE_ROOT; };
		23F630B0563D4E0FBC790CEE /* AudioNodeOutput.hpp */ = {isa = PBXFileReference; explicitFileType = sourcecode.cpp.h; fileEncoding = 4; name = AudioNodeOutput.hpp; path = "dm-audioengine/src/AudioNodeOutput.hpp"; sourceTree = SOURCE_ROOT; };
		27E6D6A6971D498296D1F21E /* WaveshaperAlgorithms.hpp */ = {isa = PBXFileReference; explicitFileType = sourcecode.cpp.h; fileEncoding = 4; name = WaveshaperAlgorithms.hpp; path = "dm-dsp/include/WaveshaperAlgorithms.hpp"; sourceTree = SOURCE_ROOT; };
		29761D5A1A4848A9A9CE8AC6 /* AudioGainNode.cpp */ = {isa = PBXFileReference; explicitFileType = sourcecode.cpp.cpp; fileEncoding = 4; name = AudioGainNode.cpp; path = "dm-audioengine/src/AudioGainNode.cpp"; sourceTree = SOURCE_ROOT; };
		2B6EEF81F9D440EC98EA59DC /* nodal_dummy.c */ = {isa = PBXFileReference; explicitFileType = sourcecode.c.c; fileEncoding = 4; name = nodal_dummy.c; path = builds/MacOs/nodal_dummy.c; sourceTree = SOURCE_ROOT; };
		2D805A3DDE134827B920F44E /* AudioFormatTypes.h */ = {isa = PBXFileReference; explicitFileType = sourcecode.c.h; fileEncoding = 4; name = AudioFormatTypes.h; path = "dm-audiomidi/include/AudioFormatTypes.h"; sourceTree = SOURCE_ROOT; };
		3756C223C6E64B74BD9317F2 /* libdm-utils.a */ = {isa = PBXFileReference; explicitFileType = archive.ar; path = "libdm-utils.a"; sourceTree = BUILT_PRODUCTS_DIR; };
		394721C9191B44D3BFF2CC37 /* DspUtilities.hpp */ = {isa = PBXFileReference; explicitFileType = sourcecode.cpp.h; fileEncoding = 4; name = DspUtilities.hpp; path = "dm-dsp/include/DspUtilities.hpp"; sourceTree = SOURCE_ROOT; };
		394B0998C4614DD189820D59 /* RingBuffer.hpp */ = {isa = PBXFileReference; explicitFileType = sourcecode.cpp.h; fileEncoding = 4; name = RingBuffer.hpp; path = "dm-utils/include/RingBuffer.hpp"; sourceTree = SOURCE_ROOT; };
		39DA3E028F64407EA73709AB /* AudioNode.cpp */ = {isa = PBXFileReference; explicitFileType = sourcecode.cpp.cpp; fileEncoding = 4; name = AudioNode.cpp; path = "dm-audioengine/src/AudioNode.cpp"; sourceTree = SOURCE_ROOT; };
		3BE74C8A304B4A01B3A38486 /* FastMemoryPool.hpp */ = {isa = PBXFileReference; explicitFileType = sourcecode.cpp.h; fileEncoding = 4; name = FastMemoryPool.hpp; path = "dm-utils/include/FastMemoryPool.hpp"; sourceTree = SOURCE_ROOT; };
		3EE70C9F46FA4DF6AD90AEF6 /* AudioFormat_CoreAudio.cpp */ = {isa = PBXFileReference; explicitFileType = sourcecode.cpp.cpp; fileEncoding = 4; name = AudioFormat_CoreAudio.cpp; path = "dm-audiomidi/src/AudioFormat_CoreAudio.cpp"; sourceTree = SOURCE_ROOT; };
		40359450A7C14AE59AFC57AA /* DelayNode.cpp */ = {isa = PBXFileReference; explicitFileType = sourcecode.cpp.cpp; fileEncoding = 4; name = DelayNode.cpp; path = "dm-audioengine/src/DelayNode.cpp"; sourceTree = SOURCE_ROOT; };
		40B06E2739D547F1A20B3386 /* AudioFileReader.cpp */ = {isa = PBXFileReference; explicitFileType = sourcecode.cpp.cpp; fileEncoding = 4; name = AudioFileReader.cpp; path = "dm-audioengine/src/AudioFileReader.cpp"; sourceTree = SOURCE_ROOT; };
		4392B09F649E44879BD8AD47 /* AudioFormatOptions.hpp */ = {isa = PBXFileReference; explicitFileType = sourcecode.cpp.h; fileEncoding = 4; name = AudioFormatOptions.hpp; path = "dm-audiomidi/include/AudioFormatOptions.hpp"; sourceTree = SOURCE_ROOT; };
		453B45282E7C48FBAE841421 /* AudioEngine.hpp */ = {isa = PBXFileReference; explicitFileType = sourcecode.cpp.h; fileEncoding = 4; name = AudioEngine.hpp; path = "dm-audioengine/include/AudioEngine.hpp"; sourceTree = SOURCE_ROOT; };
		477EAA867AF648FB97CA714A /* AudioContext.hpp */ = {isa = PBXFileReference; explicitFileType = sourcecode.cpp.h; fileEncoding = 4; name = AudioContext.hpp; path = "dm-audioengine/include/AudioContext.hpp"; sourceTree = SOURCE_ROOT; };
		4A09B5E394F24722889AAB7B /* Log.cpp */ = {isa = PBXFileReference; explicitFileType = sourcecode.cpp.cpp; fileEncoding = 4; name = Log.cpp; path = "dm-log/src/Log.cpp"; sourceTree = SOURCE_ROOT; };
		4A4A08C900A943718EDDBE1F /* StringUtilities.hpp */ = {isa = PBXFileReference; explicitFileType = sourcecode.cpp.h; fileEncoding = 4; name = StringUtilities.hpp; path = "dm-utils/include/StringUtilities.hpp"; sourceTree = SOURCE_ROOT; };
		4AB8EAD39F8E4780932EB6F8 /* CMakeLists.txt */ = {isa = PBXFileReference; explicitFileType = sourcecode.text; fileEncoding = 4; lastKnownFileType = text; name = CMakeLists.txt; path = "dm-audioengine/CMakeLists.txt"; sourceTree = SOURCE_ROOT; };
		5551D60B1A404390A447913A /* CMakeLists.txt */ = {isa = PBXFileReference; explicitFileType = sourcecode.text; fileEncoding = 4; lastKnownFileType = text; name = CMakeLists.txt; path = "dm-log/CMakeLists.txt"; sourceTree = SOURCE_ROOT; };
		56683E0321D644E9BE195743 /* Oscillator.hpp */ = {isa = PBXFileReference; explicitFileType = sourcecode.cpp.h; fileEncoding = 4; name = Oscillator.hpp; path = "dm-dsp/include/Oscillator.hpp"; sourceTree = SOURCE_ROOT; };
		5677B38EE2EA42B6AC58E17E /* AudioNodeOutput.cpp */ = {isa = PBXFileReference; explicitFileType = sourcecode.cpp.cpp; fileEncoding = 4; name = AudioNodeOutput.cpp; path = "dm-audioengine/src/AudioNodeOutput.cpp"; sourceTree = SOURCE_ROOT; };
		57C98BAC228B495A8BEE11B8 /* StdAlgorithms.hpp */ = {isa = PBXFileReference; explicitFileType = sourcecode.cpp.h; fileEncoding = 4; name = StdAlgorithms.hpp; path = "dm-utils/include/StdAlgorithms.hpp"; sourceTree = SOURCE_ROOT; };
		5B07A47A1BBF43509F9A0B3F /* MathUtilities.hpp */ = {isa = PBXFileReference; explicitFileType = sourcecode.cpp.h; fileEncoding = 4; name = MathUtilities.hpp; path = "dm-utils/include/MathUtilities.hpp"; sourceTree = SOURCE_ROOT; };
		64CBA80B470944B2AA65B2D1 /* DmTimedConsumerMT.hpp */ = {isa = PBXFileReference; explicitFileType = sourcecode.cpp.h; fileEncoding = 4; name = DmTimedConsumerMT.hpp; path = "dm-utils/include/DmTimedConsumerMT.hpp"; sourceTree = SOURCE_ROOT; };
		6960C3DEFC20404DB37D1984 /* MemoryPool.hpp */ = {isa = PBXFileReference; explicitFileType = sourcecode.cpp.h; fileEncoding = 4; name = MemoryPool.hpp; path = "dm-utils/include/MemoryPool.hpp"; sourceTree = SOURCE_ROOT; };
		69F4D8308AE24FEA8F71FC6E /* Log.h */ = {isa = PBXFileReference; explicitFileType = sourcecode.c.h; fileEncoding = 4; name = Log.h; path = "dm-log/include/Log.h"; sourceTree = SOURCE_ROOT; };
		6E5A192218594FE5976AD57A /* libdm-audioengine.a */ = {isa = PBXFileReference; explicitFileType = archive.ar; path = "libdm-audioengine.a"; sourceTree = BUILT_PRODUCTS_DIR; };
		700D6948F95747FCB0E833EC /* DmFFT.cpp */ = {isa = PBXFileReference; explicitFileType = sourcecode.cpp.cpp; fileEncoding = 4; name = DmFFT.cpp; path = "dm-dsp/src/DmFFT.cpp"; sourceTree = SOURCE_ROOT; };
		730A77764CA44D5F84339AE6 /* WaveShaperNode.cpp */ = {isa = PBXFileReference; explicitFileType = sourcecode.cpp.cpp; fileEncoding = 4; name = WaveShaperNode.cpp; path = "dm-audioengine/src/WaveShaperNode.cpp"; sourceTree = SOURCE_ROOT; };
		7975E70C9A294D05917FEC53 /* Dithering.h */ = {isa = PBXFileReference; explicitFileType = sourcecode.c.h; fileEncoding = 4; name = Dithering.h; path = "dm-dsp/include/Dithering.h"; sourceTree = SOURCE_ROOT; };
		820F36B67D1E4FEB9666A6ED /* Singleton.hpp */ = {isa = PBXFileReference; explicitFileType = sourcecode.cpp.h; fileEncoding = 4; name = Singleton.hpp; path = "dm-utils/include/Singleton.hpp"; sourceTree = SOURCE_ROOT; };
		88CFAC3B81A04600B50C8878 /* CMakeLists.txt */ = {isa = PBXFileReference; explicitFileType = sourcecode.text; fileEncoding = 4; lastKnownFileType = text; path = CMakeLists.txt; sourceTree = SOURCE_ROOT; };
		8C0AE23FFEC2419AA014CFE9 /* ChannelSplitterNode.cpp */ = {isa = PBXFileReference; explicitFileType = sourcecode.cpp.cpp; fileEncoding = 4; name = ChannelSplitterNode.cpp; path = "dm-audioengine/src/ChannelSplitterNode.cpp"; sourceTree = SOURCE_ROOT; };
		8E67780AB09E4F92A9F6358B /* DspUtilities.cpp */ = {isa = PBXFileReference; explicitFileType = sourcecode.cpp.cpp; fileEncoding = 4; name = DspUtilities.cpp; path = "dm-dsp/src/DspUtilities.cpp"; sourceTree = SOURCE_ROOT; };
		8FA53360F9954FA9AADD0193 /* AudioInputNode.cpp */ = {isa = PBXFileReference; explicitFileType = sourcecode.cpp.cpp; fileEncoding = 4; name = AudioInputNode.cpp; path = "dm-audioengine/src/AudioInputNode.cpp"; sourceTree = SOURCE_ROOT; };
		91462508C4DB4E6283BE65AA /* ChannelMergerNode.cpp */ = {isa = PBXFileReference; explicitFileType = sourcecode.cpp.cpp; fileEncoding = 4; name = ChannelMergerNode.cpp; path = "dm-audioengine/src/ChannelMergerNode.cpp"; sourceTree = SOURCE_ROOT; };
		965A1D213A1842F8A1A71214 /* LogMac.mm */ = {isa = PBXFileReference; explicitFileType = sourcecode.cpp.objcpp; fileEncoding = 4; name = LogMac.mm; path = "dm-log/src/apple/LogMac.mm"; sourceTree = SOURCE_ROOT; };
		9D0EA5E94DF74E2595D116D2 /* DynamicsCompressorNode.cpp */ = {isa = PBXFileReference; explicitFileType = sourcecode.cpp.cpp; fileEncoding = 4; name = DynamicsCompressorNode.cpp; path = "dm-audioengine/src/DynamicsCompressorNode.cpp"; sourceTree = SOURCE_ROOT; };
		A1F08D3827194BC78BBB6EAA /* libdm-audiomidi.a */ = {isa = PBXFileReference; explicitFileType = archive.ar; path = "libdm-audiomidi.a"; sourceTree = BUILT_PRODUCTS_DIR; };
		A5973BCD82EA4EBA9763FE63 /* DmExceptions.hpp */ = {isa = PBXFileReference; explicitFileType = sourcecode.cpp.h; fileEncoding = 4; name = DmExceptions.hpp; path = "dm-utils/include/DmExceptions.hpp"; sourceTree = SOURCE_ROOT; };
		A63ACC8CAA3947B4AF835282 /* AudioBufferSourceNode.cpp */ = {isa = PBXFileReference; explicitFileType = sourcecode.cpp.cpp; fileEncoding = 4; name = AudioBufferSourceNode.cpp; path = "dm-audioengine/src/AudioBufferSourceNode.cpp"; sourceTree = SOURCE_ROOT; };
		A66F55371F1F4A94AB8F0BA5 /* AudioBuffer.hpp */ = {isa = PBXFileReference; explicitFileType = sourcecode.cpp.h; fileEncoding = 4; name = AudioBuffer.hpp; path = "dm-audiomidi/include/AudioBuffer.hpp"; sourceTree = SOURCE_ROOT; };
		A71AF05371AD4AF09F8E7310 /* AudioCallbackHelper.hpp */ = {isa = PBXFileReference; explicitFileType = sourcecode.cpp.h; fileEncoding = 4; name = AudioCallbackHelper.hpp; path = "dm-dsp/include/AudioCallbackHelper.hpp"; sourceTree = SOURCE_ROOT; };
		AE91ACA431924F3E8EBAB3B6 /* DmGarbageCollector.hpp */ = {isa = PBXFileReference; explicitFileType = sourcecode.cpp.h; fileEncoding = 4; name = DmGarbageCollector.hpp; path = "dm-utils/include/DmGarbageCollector.hpp"; sourceTree = SOURCE_ROOT; };
		B0DD7C41CDED4FBAB64BF56E /* DmComplex.cpp */ = {isa = PBXFileReference; explicitFileType = sourcecode.cpp.cpp; fileEncoding = 4; name = DmComplex.cpp; path = "dm-dsp/src/DmComplex.cpp"; sourceTree = SOURCE_ROOT; };
		B1168B27AD94402195445F83 /* AudioFormat_CoreAudio.hpp */ = {isa = PBXFileReference; explicitFileType = sourcecode.cpp.h; fileEncoding = 4; name = AudioFormat_CoreAudio.hpp; path = "dm-audiomidi/src/AudioFormat_CoreAudio.hpp"; sourceTree = SOURCE_ROOT; };
		B19E42475ABF419EBDA79CFB /* DmFFT.hpp */ = {isa = PBXFileReference; explicitFileType = sourcecode.cpp.h; fileEncoding = 4; name = DmFFT.hpp; path = "dm-dsp/include/DmFFT.hpp"; sourceTree = SOURCE_ROOT; };
		B1FA8C080D8D42639E9FCBDF /* MutexDefines.hpp */ = {isa = PBXFileReference; explicitFileType = sourcecode.cpp.h; fileEncoding = 4; name = MutexDefines.hpp; path = "dm-utils/include/MutexDefines.hpp"; sourceTree = SOURCE_ROOT; };
		B20AB29F4724416094B75034 /* BiquadFilterNode.cpp */ = {isa = PBXFileReference; explicitFileType = sourcecode.cpp.cpp; fileEncoding = 4; name = BiquadFilterNode.cpp; path = "dm-audioengine/src/BiquadFilterNode.cpp"; sourceTree = SOURCE_ROOT; };
		B351C7CE44EC4E45BE6AF140 /* Oscillator.cpp */ = {isa = PBXFileReference; explicitFileType = sourcecode.cpp.cpp; fileEncoding = 4; name = Oscillator.cpp; path = "dm-dsp/src/Oscillator.cpp"; sourceTree = SOURCE_ROOT; };
		BB8C61DFA53A4C3CAB794A6F /* BicubicInterpolator.hpp */ = {isa = PBXFileReference; explicitFileType = sourcecode.cpp.h; fileEncoding = 4; name = BicubicInterpolator.hpp; path = "dm-dsp/include/BicubicInterpolator.hpp"; sourceTree = SOURCE_ROOT; };
		BC629CAFDD514E52B2D53721 /* AudioNodeInput.cpp */ = {isa = PBXFileReference; explicitFileType = sourcecode.cpp.cpp; fileEncoding = 4; name = AudioNodeInput.cpp; path = "dm-audioengine/src/AudioNodeInput.cpp"; sourceTree = SOURCE_ROOT; };
		BD6C76CA2AA246569F97E820 /* ControlTimeline.hpp */ = {isa = PBXFileReference; explicitFileType = sourcecode.cpp.h; fileEncoding = 4; name = ControlTimeline.hpp; path = "dm-audioengine/src/ControlTimeline.hpp"; sourceTree = SOURCE_ROOT; };
		C6AED7662502457F9081A056 /* Compressor.hpp */ = {isa = PBXFileReference; explicitFileType = sourcecode.cpp.h; fileEncoding = 4; name = Compressor.hpp; path = "dm-dsp/include/Compressor.hpp"; sourceTree = SOURCE_ROOT; };
		D4DACCDB8A2445C7915EC3F6 /* CMakeLists.txt */ = {isa = PBXFileReference; explicitFileType = sourcecode.text; fileEncoding = 4; lastKnownFileType = text; name = CMakeLists.txt; path = "dm-utils/CMakeLists.txt"; sourceTree = SOURCE_ROOT; };
		D8B6593A8A7E4FC9806C9FC8 /* InMemoryBuffer.cpp */ = {isa = PBXFileReference; explicitFileType = sourcecode.cpp.cpp; fileEncoding = 4; name = InMemoryBuffer.cpp; path = "dm-audioengine/src/InMemoryBuffer.cpp"; sourceTree = SOURCE_ROOT; };
		DC0E97F3650A44479AB0FC33 /* DmTypedefs.hpp */ = {isa = PBXFileReference; explicitFileType = sourcecode.cpp.h; fileEncoding = 4; name = DmTypedefs.hpp; path = "dm-utils/include/DmTypedefs.hpp"; sourceTree = SOURCE_ROOT; };
		DC40F45195454FB7B42C3D53 /* DmComplex.hpp */ = {isa = PBXFileReference; explicitFileType = sourcecode.cpp.h; fileEncoding = 4; name = DmComplex.hpp; path = "dm-dsp/include/DmComplex.hpp"; sourceTree = SOURCE_ROOT; };
		DDAED5E5B9C940779033AC50 /* AudioFormat_ogg.hpp */ = {isa = PBXFileReference; explicitFileType = sourcecode.cpp.h; fileEncoding = 4; name = AudioFormat_ogg.hpp; path = "dm-audiomidi/src/AudioFormat_ogg.hpp"; sourceTree = SOURCE_ROOT; };
		DEF48F30445F49509E89E2DF /* DmDspConfig.hpp.in */ = {isa = PBXFileReference; explicitFileType = sourcecode; fileEncoding = 4; name = DmDspConfig.hpp.in; path = "dm-dsp/include/DmDspConfig.hpp.in"; sourceTree = SOURCE_ROOT; };
		E2BF3CD0E6D2417AB18C3F86 /* libnodal.a */ = {isa = PBXFileReference; explicitFileType = archive.ar; path = libnodal.a; sourceTree = BUILT_PRODUCTS_DIR; };
		E5DCF78B7A174F7EA2BEB298 /* DmEasyPoolST.hpp */ = {isa = PBXFileReference; explicitFileType = sourcecode.cpp.h; fileEncoding = 4; name = DmEasyPoolST.hpp; path = "dm-utils/include/DmEasyPoolST.hpp"; sourceTree = SOURCE_ROOT; };
		E68014B878354E7BB2EBAFAC /* libdm-log.a */ = {isa = PBXFileReference; explicitFileType = archive.ar; path = "libdm-log.a"; sourceTree = BUILT_PRODUCTS_DIR; };
		E7114BE2632645B58F298ABC /* RefCounted.hpp */ = {isa = PBXFileReference; explicitFileType = sourcecode.cpp.h; fileEncoding = 4; name = RefCounted.hpp; path = "dm-utils/include/RefCounted.hpp"; sourceTree = SOURCE_ROOT; };
		E850482E04804B05A5AEBBE6 /* AudioFormat.hpp */ = {isa = PBXFileReference; explicitFileType = sourcecode.cpp.h; fileEncoding = 4; name = AudioFormat.hpp; path = "dm-audiomidi/include/AudioFormat.hpp"; sourceTree = SOURCE_ROOT; };
		EFFF7349F3DC4A018D808C3F /* LockingQueue.hpp */ = {isa = PBXFileReference; explicitFileType = sourcecode.cpp.h; fileEncoding = 4; name = LockingQueue.hpp; path = "dm-utils/include/LockingQueue.hpp"; sourceTree = SOURCE_ROOT; };
		F05FC58CB8EA41C6A5CEC981 /* LFOTables.hpp */ = {isa = PBXFileReference; explicitFileType = sourcecode.cpp.h; fileEncoding = 4; name = LFOTables.hpp; path = "dm-dsp/include/LFOTables.hpp"; sourceTree = SOURCE_ROOT; };
		F0A4C5C646B04B03A7BF241F /* CMakeLists.txt */ = {isa = PBXFileReference; explicitFileType = sourcecode.text; fileEncoding = 4; lastKnownFileType = text; name = CMakeLists.txt; path = "dm-audiomidi/CMakeLists.txt"; sourceTree = SOURCE_ROOT; };
		F2DF0AC3614B4E78B01E1F2C /* AudioContext.cpp */ = {isa = PBXFileReference; explicitFileType = sourcecode.cpp.cpp; fileEncoding = 4; name = AudioContext.cpp; path = "dm-audioengine/src/AudioContext.cpp"; sourceTree = SOURCE_ROOT; };
		F9AD2D2BC7ED4DF383EDF0ED /* AudioFormat_ogg.cpp */ = {isa = PBXFileReference; explicitFileType = sourcecode.cpp.cpp; fileEncoding = 4; name = AudioFormat_ogg.cpp; path = "dm-audiomidi/src/AudioFormat_ogg.cpp"; sourceTree = SOURCE_ROOT; };
		FEF71E5991DD44C98F23660C /* libdm-dsp.a */ = {isa = PBXFileReference; explicitFileType = archive.ar; path = "libdm-dsp.a"; sourceTree = BUILT_PRODUCTS_DIR; };
		FF43A40AFD2341F1B2E756F7 /* StringUtilitiesMac.mm */ = {isa = PBXFileReference; explicitFileType = sourcecode.cpp.objcpp; fileEncoding = 4; name = StringUtilitiesMac.mm; path = "dm-utils/src/apple/StringUtilitiesMac.mm"; sourceTree = SOURCE_ROOT; };
/* End PBXFileReference section */

/* Begin PBXGroup section */
		0AD709FB03844793AEAB4747 /* Source Files */ = {
			isa = PBXGroup;
			children = (
				4A09B5E394F24722889AAB7B /* Log.cpp */,
				965A1D213A1842F8A1A71214 /* LogMac.mm */,
			);
			name = "Source Files";
			sourceTree = "<group>";
		};
		2FE9778E25CA44558F30F70E /* Header Files */ = {
			isa = PBXGroup;
			children = (
				A71AF05371AD4AF09F8E7310 /* AudioCallbackHelper.hpp */,
				BB8C61DFA53A4C3CAB794A6F /* BicubicInterpolator.hpp */,
				0796C377BC0E4968AF5634FB /* BiquadFilter.hpp */,
				C6AED7662502457F9081A056 /* Compressor.hpp */,
				7975E70C9A294D05917FEC53 /* Dithering.h */,
				DC40F45195454FB7B42C3D53 /* DmComplex.hpp */,
				DEF48F30445F49509E89E2DF /* DmDspConfig.hpp.in */,
				B19E42475ABF419EBDA79CFB /* DmFFT.hpp */,
				394721C9191B44D3BFF2CC37 /* DspUtilities.hpp */,
				F05FC58CB8EA41C6A5CEC981 /* LFOTables.hpp */,
				56683E0321D644E9BE195743 /* Oscillator.hpp */,
				27E6D6A6971D498296D1F21E /* WaveshaperAlgorithms.hpp */,
			);
			name = "Header Files";
			sourceTree = "<group>";
		};
		3175EE3EE7A3406C8B5F3B4F /* dm-utils */ = {
			isa = PBXGroup;
			children = (
				479A178A05FC4366AC828F04 /* Header Files */,
				CD8582FFDD9C4A3C8FCD4521 /* Source Files */,
				D4DACCDB8A2445C7915EC3F6 /* CMakeLists.txt */,
			);
			name = "dm-utils";
			sourceTree = "<group>";
		};
		32F567049D3646768DF2F036 /* Source Files */ = {
			isa = PBXGroup;
			children = (
				3EE70C9F46FA4DF6AD90AEF6 /* AudioFormat_CoreAudio.cpp */,
				F9AD2D2BC7ED4DF383EDF0ED /* AudioFormat_ogg.cpp */,
				225A754C5C26460689019A5A /* AudioFormatsManager.cpp */,
			);
			name = "Source Files";
			sourceTree = "<group>";
		};
		479A178A05FC4366AC828F04 /* Header Files */ = {
			isa = PBXGroup;
			children = (
				E5DCF78B7A174F7EA2BEB298 /* DmEasyPoolST.hpp */,
				A5973BCD82EA4EBA9763FE63 /* DmExceptions.hpp */,
				AE91ACA431924F3E8EBAB3B6 /* DmGarbageCollector.hpp */,
				64CBA80B470944B2AA65B2D1 /* DmTimedConsumerMT.hpp */,
				DC0E97F3650A44479AB0FC33 /* DmTypedefs.hpp */,
				3BE74C8A304B4A01B3A38486 /* FastMemoryPool.hpp */,
				EFFF7349F3DC4A018D808C3F /* LockingQueue.hpp */,
				5B07A47A1BBF43509F9A0B3F /* MathUtilities.hpp */,
				6960C3DEFC20404DB37D1984 /* MemoryPool.hpp */,
				B1FA8C080D8D42639E9FCBDF /* MutexDefines.hpp */,
				1FDF7335A1184746B4D1446D /* NullMutex.hpp */,
				E7114BE2632645B58F298ABC /* RefCounted.hpp */,
				394B0998C4614DD189820D59 /* RingBuffer.hpp */,
				820F36B67D1E4FEB9666A6ED /* Singleton.hpp */,
				57C98BAC228B495A8BEE11B8 /* StdAlgorithms.hpp */,
				4A4A08C900A943718EDDBE1F /* StringUtilities.hpp */,
			);
			name = "Header Files";
			sourceTree = "<group>";
		};
		63B40D81B4044AA78E65A9A8 /* dm-audiomidi */ = {
			isa = PBXGroup;
			children = (
				FF0D867CB37040C7906E32F3 /* Header Files */,
				32F567049D3646768DF2F036 /* Source Files */,
				F0A4C5C646B04B03A7BF241F /* CMakeLists.txt */,
			);
			name = "dm-audiomidi";
			sourceTree = "<group>";
		};
		872AD31C41234619B22201BB /* Header Files */ = {
			isa = PBXGroup;
			children = (
				477EAA867AF648FB97CA714A /* AudioContext.hpp */,
				453B45282E7C48FBAE841421 /* AudioEngine.hpp */,
				14B5C027699E4359B57CEC40 /* AudioFileReader.hpp */,
				23F630B0563D4E0FBC790CEE /* AudioNodeOutput.hpp */,
				BD6C76CA2AA246569F97E820 /* ControlTimeline.hpp */,
			);
			name = "Header Files";
			sourceTree = "<group>";
		};
		8D306F298DE44059BE23455D /* Products */ = {
			isa = PBXGroup;
			children = (
				E2BF3CD0E6D2417AB18C3F86 /* libnodal.a */,
				6E5A192218594FE5976AD57A /* libdm-audioengine.a */,
				A1F08D3827194BC78BBB6EAA /* libdm-audiomidi.a */,
				FEF71E5991DD44C98F23660C /* libdm-dsp.a */,
				E68014B878354E7BB2EBAFAC /* libdm-log.a */,
				3756C223C6E64B74BD9317F2 /* libdm-utils.a */,
			);
			name = Products;
			sourceTree = "<group>";
		};
		8FAB1442067149B5B47F2255 /* Resources */ = {
			isa = PBXGroup;
			children = (
			);
			name = Resources;
			sourceTree = "<group>";
		};
		90E09504C24743EAB35D7B9B /* Header Files */ = {
			isa = PBXGroup;
			children = (
				69F4D8308AE24FEA8F71FC6E /* Log.h */,
			);
			name = "Header Files";
			sourceTree = "<group>";
		};
		988A006780114286A07E2B14 /* dm-dsp */ = {
			isa = PBXGroup;
			children = (
				A83B8DA9771A4FB98FB54A4A /* Source Files */,
				2FE9778E25CA44558F30F70E /* Header Files */,
				0EBA8BFF52C24A8FAF27D46A /* CMakeLists.txt */,
			);
			name = "dm-dsp";
			sourceTree = "<group>";
		};
		9CAEAB4E273E446591272AD6 /* Source Files */ = {
			isa = PBXGroup;
			children = (
				2B6EEF81F9D440EC98EA59DC /* nodal_dummy.c */,
			);
			name = "Source Files";
			sourceTree = "<group>";
		};
		A314840100894C9CAA0F253A /* nodal */ = {
			isa = PBXGroup;
			children = (
				F69F31B6BF86436BB5626844 /* Source Files */,
				9CAEAB4E273E446591272AD6 /* Source Files */,
				88CFAC3B81A04600B50C8878 /* CMakeLists.txt */,
			);
			name = nodal;
			sourceTree = "<group>";
		};
		A83B8DA9771A4FB98FB54A4A /* Source Files */ = {
			isa = PBXGroup;
			children = (
				B0DD7C41CDED4FBAB64BF56E /* DmComplex.cpp */,
				700D6948F95747FCB0E833EC /* DmFFT.cpp */,
				8E67780AB09E4F92A9F6358B /* DspUtilities.cpp */,
				B351C7CE44EC4E45BE6AF140 /* Oscillator.cpp */,
			);
			name = "Source Files";
			sourceTree = "<group>";
		};
		CD8582FFDD9C4A3C8FCD4521 /* Source Files */ = {
			isa = PBXGroup;
			children = (
				FF43A40AFD2341F1B2E756F7 /* StringUtilitiesMac.mm */,
			);
			name = "Source Files";
			sourceTree = "<group>";
		};
		CDD0324381EB4F6AAF2784E8 = {
			isa = PBXGroup;
			children = (
				DD4188254599498DBD917B5F /* Sources */,
				8FAB1442067149B5B47F2255 /* Resources */,
				8D306F298DE44059BE23455D /* Products */,
			);
			sourceTree = "<group>";
		};
		DD4188254599498DBD917B5F /* Sources */ = {
			isa = PBXGroup;
			children = (
				A314840100894C9CAA0F253A /* nodal */,
				FE6CCE513C1F4932AD0BEB71 /* dm-audioengine */,
				63B40D81B4044AA78E65A9A8 /* dm-audiomidi */,
				988A006780114286A07E2B14 /* dm-dsp */,
				FF1F3014C58544E0977E5DFA /* dm-log */,
				3175EE3EE7A3406C8B5F3B4F /* dm-utils */,
			);
			name = Sources;
			sourceTree = "<group>";
		};
		F69F31B6BF86436BB5626844 /* Source Files */ = {
			isa = PBXGroup;
			children = (
				A63ACC8CAA3947B4AF835282 /* AudioBufferSourceNode.cpp */,
				F2DF0AC3614B4E78B01E1F2C /* AudioContext.cpp */,
				40B06E2739D547F1A20B3386 /* AudioFileReader.cpp */,
				29761D5A1A4848A9A9CE8AC6 /* AudioGainNode.cpp */,
				8FA53360F9954FA9AADD0193 /* AudioInputNode.cpp */,
				39DA3E028F64407EA73709AB /* AudioNode.cpp */,
				BC629CAFDD514E52B2D53721 /* AudioNodeInput.cpp */,
				5677B38EE2EA42B6AC58E17E /* AudioNodeOutput.cpp */,
				B20AB29F4724416094B75034 /* BiquadFilterNode.cpp */,
				91462508C4DB4E6283BE65AA /* ChannelMergerNode.cpp */,
				8C0AE23FFEC2419AA014CFE9 /* ChannelSplitterNode.cpp */,
				0681F2AE5C7542BA8110BF3E /* ControlTimeline.cpp */,
				40359450A7C14AE59AFC57AA /* DelayNode.cpp */,
				9D0EA5E94DF74E2595D116D2 /* DynamicsCompressorNode.cpp */,
				D8B6593A8A7E4FC9806C9FC8 /* InMemoryBuffer.cpp */,
				14E37F1383D34492B22293EC /* OscillatorNode.cpp */,
				17C22E081E1F422BB439E415 /* SummingNode.cpp */,
				730A77764CA44D5F84339AE6 /* WaveShaperNode.cpp */,
			);
			name = "Source Files";
			sourceTree = "<group>";
		};
		FE6CCE513C1F4932AD0BEB71 /* dm-audioengine */ = {
			isa = PBXGroup;
			children = (
				872AD31C41234619B22201BB /* Header Files */,
				4AB8EAD39F8E4780932EB6F8 /* CMakeLists.txt */,
			);
			name = "dm-audioengine";
			sourceTree = "<group>";
		};
		FF0D867CB37040C7906E32F3 /* Header Files */ = {
			isa = PBXGroup;
			children = (
				A66F55371F1F4A94AB8F0BA5 /* AudioBuffer.hpp */,
				E850482E04804B05A5AEBBE6 /* AudioFormat.hpp */,
				4392B09F649E44879BD8AD47 /* AudioFormatOptions.hpp */,
				2D805A3DDE134827B920F44E /* AudioFormatTypes.h */,
				1A60FCE348D04145BD9241BE /* AudioFormatsManager.hpp */,
				B1168B27AD94402195445F83 /* AudioFormat_CoreAudio.hpp */,
				DDAED5E5B9C940779033AC50 /* AudioFormat_ogg.hpp */,
			);
			name = "Header Files";
			sourceTree = "<group>";
		};
		FF1F3014C58544E0977E5DFA /* dm-log */ = {
			isa = PBXGroup;
			children = (
				90E09504C24743EAB35D7B9B /* Header Files */,
				0AD709FB03844793AEAB4747 /* Source Files */,
				5551D60B1A404390A447913A /* CMakeLists.txt */,
			);
			name = "dm-log";
			sourceTree = "<group>";
		};
/* End PBXGroup section */

/* Begin PBXNativeTarget section */
		2BD94F6F5C40455C9090F00B /* dm-audioengine */ = {
			isa = PBXNativeTarget;
			buildConfigurationList = CF248C4C784F436CBA62CE15 /* Build configuration list for PBXNativeTarget "dm-audioengine" */;
			buildPhases = (
				431187A5E5E14047BF110724 /* Sources */,
			);
			buildRules = (
			);
			dependencies = (
			);
			name = "dm-audioengine";
			productName = "dm-audioengine";
			productReference = 6E5A192218594FE5976AD57A /* libdm-audioengine.a */;
			productType = "com.apple.product-type.library.static";
		};
		435BD5413F664020A1B2D63A /* dm-audiomidi */ = {
			isa = PBXNativeTarget;
			buildConfigurationList = 6F99D78B742C4CCA86DC8B2A /* Build configuration list for PBXNativeTarget "dm-audiomidi" */;
			buildPhases = (
				6C6EA3B196AE47BA80831197 /* Sources */,
			);
			buildRules = (
			);
			dependencies = (
			);
			name = "dm-audiomidi";
			productName = "dm-audiomidi";
			productReference = A1F08D3827194BC78BBB6EAA /* libdm-audiomidi.a */;
			productType = "com.apple.product-type.library.static";
		};
		7DB21781EA944A86B6E28268 /* dm-log */ = {
			isa = PBXNativeTarget;
			buildConfigurationList = 2463563DF5474106851FE59E /* Build configuration list for PBXNativeTarget "dm-log" */;
			buildPhases = (
				570E54E192644FC3AA3D6669 /* Sources */,
			);
			buildRules = (
			);
			dependencies = (
			);
			name = "dm-log";
			productName = "dm-log";
			productReference = E68014B878354E7BB2EBAFAC /* libdm-log.a */;
			productType = "com.apple.product-type.library.static";
		};
		AD9593727DF84E158451F7CD /* dm-utils */ = {
			isa = PBXNativeTarget;
			buildConfigurationList = F8376AD05DB34371A0A718D4 /* Build configuration list for PBXNativeTarget "dm-utils" */;
			buildPhases = (
				44D5C054E91F463C8F45CE94 /* Sources */,
			);
			buildRules = (
			);
			dependencies = (
			);
			name = "dm-utils";
			productName = "dm-utils";
			productReference = 3756C223C6E64B74BD9317F2 /* libdm-utils.a */;
			productType = "com.apple.product-type.library.static";
		};
		CE595B1604124D77B3769E2F /* dm-dsp */ = {
			isa = PBXNativeTarget;
			buildConfigurationList = AE956303DA6A45A1A33A68FC /* Build configuration list for PBXNativeTarget "dm-dsp" */;
			buildPhases = (
				A0ED497D29B14D38B6A92032 /* Sources */,
			);
			buildRules = (
			);
			dependencies = (
			);
			name = "dm-dsp";
			productName = "dm-dsp";
			productReference = FEF71E5991DD44C98F23660C /* libdm-dsp.a */;
			productType = "com.apple.product-type.library.static";
		};
		F78EA4B6213542C8A23E93AF /* nodal */ = {
			isa = PBXNativeTarget;
			buildConfigurationList = 6B582A9DF551420AA030ADF7 /* Build configuration list for PBXNativeTarget "nodal" */;
			buildPhases = (
				F1D8C207F22543B7A70097A1 /* Sources */,
			);
			buildRules = (
			);
			dependencies = (
				10CD02FBDE3D4AB48B070068 /* PBXTargetDependency */,
				F745A7AD2C04401F8BFE2E73 /* PBXTargetDependency */,
				23D16E9A697A499094ECE609 /* PBXTargetDependency */,
				56D9A8A97E0042D798ED9AAA /* PBXTargetDependency */,
				0CC4D399C5DC47DC84EBA16A /* PBXTargetDependency */,
			);
			name = nodal;
			productName = nodal;
			productReference = E2BF3CD0E6D2417AB18C3F86 /* libnodal.a */;
			productType = "com.apple.product-type.library.static";
		};
/* End PBXNativeTarget section */

/* Begin PBXProject section */
		D04A2C90AE424C838AA6E1F4 /* Project object */ = {
			isa = PBXProject;
			attributes = {
				BuildIndependentTargetsInParallel = YES;
				LastUpgradeCheck = 0640;
			};
			buildConfigurationList = 53E3A703105F4A5AA2B63872 /* Build configuration list for PBXProject "Nodal" */;
			compatibilityVersion = "Xcode 3.2";
			developmentRegion = English;
			hasScannedForEncodings = 0;
			knownRegions = (
				en,
			);
			mainGroup = CDD0324381EB4F6AAF2784E8;
			projectDirPath = ../..;
			projectRoot = "";
			targets = (
				F78EA4B6213542C8A23E93AF /* nodal */,
				2BD94F6F5C40455C9090F00B /* dm-audioengine */,
				435BD5413F664020A1B2D63A /* dm-audiomidi */,
				CE595B1604124D77B3769E2F /* dm-dsp */,
				7DB21781EA944A86B6E28268 /* dm-log */,
				AD9593727DF84E158451F7CD /* dm-utils */,
			);
		};
/* End PBXProject section */

/* Begin PBXSourcesBuildPhase section */
		431187A5E5E14047BF110724 /* Sources */ = {
			isa = PBXSourcesBuildPhase;
			buildActionMask = 2147483647;
			files = (
				B3FB12AB32A444328DEBC581 /* AudioBufferSourceNode.cpp in Sources */,
				694BF7B6915545FFB49EC74C /* AudioContext.cpp in Sources */,
				F4E62B5CDEDF4C93A622D9CE /* AudioFileReader.cpp in Sources */,
				1F9981795AFA4F068C742D73 /* AudioGainNode.cpp in Sources */,
				DF6A18A94B514BD1A0EEBA86 /* AudioInputNode.cpp in Sources */,
				C9C0B00DBE1B4DEC98F3BE40 /* AudioNode.cpp in Sources */,
				6A74AF45E9D54E11925DBAB8 /* AudioNodeInput.cpp in Sources */,
				AA3FBC37B2E246C693C3A9EA /* AudioNodeOutput.cpp in Sources */,
				062DEF0440024C1D8A0F3CF4 /* BiquadFilterNode.cpp in Sources */,
				928B592D64B14281AB691250 /* ChannelMergerNode.cpp in Sources */,
				802D70B46D394A2F8797585A /* ChannelSplitterNode.cpp in Sources */,
				E95C7132FF0C43B19F186653 /* ControlTimeline.cpp in Sources */,
				5F706601FBE1446AA8786B20 /* DelayNode.cpp in Sources */,
				C4E8FAB8D2E747B1BC76B01A /* DynamicsCompressorNode.cpp in Sources */,
				E0CD5C9AE0204E1EA79372A8 /* InMemoryBuffer.cpp in Sources */,
				A141D45747834CFBB5FC73C2 /* OscillatorNode.cpp in Sources */,
				F12A9399F4E94DC28D1FE070 /* SummingNode.cpp in Sources */,
				AD9E5E867443467ABC3EDDA9 /* WaveShaperNode.cpp in Sources */,
			);
			runOnlyForDeploymentPostprocessing = 0;
		};
		44D5C054E91F463C8F45CE94 /* Sources */ = {
			isa = PBXSourcesBuildPhase;
			buildActionMask = 2147483647;
			files = (
				90B8742B9D40494C847DCB67 /* StringUtilitiesMac.mm in Sources */,
			);
			runOnlyForDeploymentPostprocessing = 0;
		};
		570E54E192644FC3AA3D6669 /* Sources */ = {
			isa = PBXSourcesBuildPhase;
			buildActionMask = 2147483647;
			files = (
				53378E5FDEDA4AFAABD09B4A /* Log.cpp in Sources */,
				CBD6AD162E2D4DA2B506276A /* LogMac.mm in Sources */,
			);
			runOnlyForDeploymentPostprocessing = 0;
		};
		6C6EA3B196AE47BA80831197 /* Sources */ = {
			isa = PBXSourcesBuildPhase;
			buildActionMask = 2147483647;
			files = (
				DF8148DF67F14ADBA85533EF /* AudioFormat_CoreAudio.cpp in Sources */,
				D9D7BA84FB1740778644B4D3 /* AudioFormat_ogg.cpp in Sources */,
				1E5C8F4CBAA84ACBB501779B /* AudioFormatsManager.cpp in Sources */,
			);
			runOnlyForDeploymentPostprocessing = 0;
		};
		A0ED497D29B14D38B6A92032 /* Sources */ = {
			isa = PBXSourcesBuildPhase;
			buildActionMask = 2147483647;
			files = (
				4764571B72194ADAB1AD131F /* DmComplex.cpp in Sources */,
				3AD6EB2F90154DCFB1350DED /* DmFFT.cpp in Sources */,
				4983C8E8D2DB49A18042675F /* DspUtilities.cpp in Sources */,
				B504295B286A4659B0D3937C /* Oscillator.cpp in Sources */,
			);
			runOnlyForDeploymentPostprocessing = 0;
		};
		F1D8C207F22543B7A70097A1 /* Sources */ = {
			isa = PBXSourcesBuildPhase;
			buildActionMask = 2147483647;
			files = (
				21A74DD118314BB2B7C0D45E /* nodal_dummy.c in Sources */,
			);
			runOnlyForDeploymentPostprocessing = 0;
		};
/* End PBXSourcesBuildPhase section */

/* Begin PBXTargetDependency section */
		0CC4D399C5DC47DC84EBA16A /* PBXTargetDependency */ = {
			isa = PBXTargetDependency;
			target = CE595B1604124D77B3769E2F /* dm-dsp */;
			targetProxy = F060060AE1E14D9383A8B9D3 /* PBXContainerItemProxy */;
		};
		10CD02FBDE3D4AB48B070068 /* PBXTargetDependency */ = {
			isa = PBXTargetDependency;
			target = 7DB21781EA944A86B6E28268 /* dm-log */;
			targetProxy = 61E1826731A446E6B1240E9F /* PBXContainerItemProxy */;
		};
		23D16E9A697A499094ECE609 /* PBXTargetDependency */ = {
			isa = PBXTargetDependency;
			target = 2BD94F6F5C40455C9090F00B /* dm-audioengine */;
			targetProxy = 3C4C12B65A254310975CE18F /* PBXContainerItemProxy */;
		};
		56D9A8A97E0042D798ED9AAA /* PBXTargetDependency */ = {
			isa = PBXTargetDependency;
			target = 435BD5413F664020A1B2D63A /* dm-audiomidi */;
			targetProxy = 97D13E9DE1B943A89B7B906C /* PBXContainerItemProxy */;
		};
		F745A7AD2C04401F8BFE2E73 /* PBXTargetDependency */ = {
			isa = PBXTargetDependency;
			target = AD9593727DF84E158451F7CD /* dm-utils */;
			targetProxy = 25BB8F6EDB50488F8D6D646E /* PBXContainerItemProxy */;
		};
/* End PBXTargetDependency section */

/* Begin XCBuildConfiguration section */
		081B8CA03E9242139C4796D2 /* Debug */ = {
			isa = XCBuildConfiguration;
			buildSettings = {
				CLANG_CXX_LANGUAGE_STANDARD = "c++0x";
				CLANG_CXX_LIBRARY = "libc++";
				COMBINE_HIDPI_IMAGES = YES;
				EXECUTABLE_PREFIX = lib;
				EXECUTABLE_SUFFIX = .a;
				GCC_GENERATE_DEBUGGING_SYMBOLS = YES;
				GCC_INLINES_ARE_PRIVATE_EXTERN = NO;
				GCC_OPTIMIZATION_LEVEL = 3;
				GCC_PREPROCESSOR_DEFINITIONS = (
					"'CMAKE_INTDIR=\"$(CONFIGURATION)$(EFFECTIVE_PLATFORM_NAME)\"'",
					"'DM_PLATFORM_OSX=1'",
					"'DM_PLATFORM_APPLE=1'",
				);
				GCC_SYMBOLS_PRIVATE_EXTERN = NO;
				HEADER_SEARCH_PATHS = (
					"/Users/work/Documents/Development/nodal/dm-log/include",
					"/Users/work/Documents/Development/nodal/dm-utils/include",
				);
				INSTALL_PATH = "";
				LIBRARY_STYLE = STATIC;
				OTHER_CFLAGS = (
					"-x",
					"objective-c++",
					"-std=c++0x",
					"-stdlib=libc++",
					"-Wall",
				);
				OTHER_CPLUSPLUSFLAGS = (
					"-x",
					"objective-c++",
					"-std=c++0x",
					"-stdlib=libc++",
					"-Wall",
				);
				OTHER_LDFLAGS = " ";
				OTHER_REZFLAGS = "";
				PRODUCT_NAME = "dm-utils";
				SDKROOT = macosx;
				SECTORDER_FLAGS = "";
				SYMROOT = "/Users/alex/Development/dinahmoe_V1/builds/nodal/builds/MacOs/dm-utils";
				USE_HEADERMAP = NO;
				WARNING_CFLAGS = (
					"-Wmost",
					"-Wno-four-char-constants",
					"-Wno-unknown-pragmas",
					"$(inherited)",
				);
			};
			name = Debug;
		};
		0C091FC7F2384CFFBDC0C92A /* Debug */ = {
			isa = XCBuildConfiguration;
			buildSettings = {
				CLANG_CXX_LANGUAGE_STANDARD = "c++0x";
				CLANG_CXX_LIBRARY = "libc++";
				COMBINE_HIDPI_IMAGES = YES;
				EXECUTABLE_PREFIX = lib;
				EXECUTABLE_SUFFIX = .a;
				GCC_GENERATE_DEBUGGING_SYMBOLS = YES;
				GCC_INLINES_ARE_PRIVATE_EXTERN = NO;
				GCC_OPTIMIZATION_LEVEL = 3;
				GCC_PREPROCESSOR_DEFINITIONS = (
					"'CMAKE_INTDIR=\"$(CONFIGURATION)$(EFFECTIVE_PLATFORM_NAME)\"'",
					"'DM_PLATFORM_OSX=1'",
					"'DM_PLATFORM_APPLE=1'",
				);
				GCC_SYMBOLS_PRIVATE_EXTERN = NO;
				HEADER_SEARCH_PATHS = (
					"/Users/work/Documents/Development/nodal/build/dm-audioengine",
					"/Users/work/Documents/Development/nodal/dm-utils/include",
					"/Users/work/Documents/Development/nodal/dm-parameters/include",
					"/Users/work/Documents/Development/nodal/dm-log/include",
					"/Users/work/Documents/Development/nodal/dm-audiomidi/include",
					"/Users/work/Documents/Development/nodal/dm-dsp/include",
					"/Users/work/Documents/Development/nodal/dm-audioengine/include",
					"/Users/work/Documents/Development/nodal/dm-audioengine/src",
				);
				INSTALL_PATH = "";
				LIBRARY_STYLE = STATIC;
				OTHER_CFLAGS = (
					"-x",
					"objective-c++",
					"-std=c++0x",
					"-stdlib=libc++",
					"-Wall",
				);
				OTHER_CPLUSPLUSFLAGS = (
					"-x",
					"objective-c++",
					"-std=c++0x",
					"-stdlib=libc++",
					"-Wall",
				);
				OTHER_LDFLAGS = " ";
				OTHER_REZFLAGS = "";
				PRODUCT_NAME = "dm-audioengine";
				SDKROOT = macosx;
				SECTORDER_FLAGS = "";
				SYMROOT = "/Users/alex/Development/dinahmoe_V1/builds/nodal/builds/MacOs/dm-audioengine";
				USE_HEADERMAP = NO;
				WARNING_CFLAGS = (
					"-Wmost",
					"-Wno-four-char-constants",
					"-Wno-unknown-pragmas",
					"$(inherited)",
				);
			};
			name = Debug;
		};
		15C5C3386D3E41A7A99B273B /* Release */ = {
			isa = XCBuildConfiguration;
			buildSettings = {
				CLANG_CXX_LANGUAGE_STANDARD = "c++0x";
				CLANG_CXX_LIBRARY = "libc++";
				COMBINE_HIDPI_IMAGES = YES;
				EXECUTABLE_PREFIX = lib;
				EXECUTABLE_SUFFIX = .a;
				GCC_GENERATE_DEBUGGING_SYMBOLS = NO;
				GCC_INLINES_ARE_PRIVATE_EXTERN = NO;
				GCC_OPTIMIZATION_LEVEL = 3;
				GCC_PREPROCESSOR_DEFINITIONS = (
					"'CMAKE_INTDIR=\"$(CONFIGURATION)$(EFFECTIVE_PLATFORM_NAME)\"'",
					"'DM_PLATFORM_OSX=1'",
					"'DM_PLATFORM_APPLE=1'",
				);
				GCC_SYMBOLS_PRIVATE_EXTERN = NO;
				HEADER_SEARCH_PATHS = (
					"/Users/work/Documents/Development/nodal/dm-audiomidi/include",
					"/Users/work/Documents/Development/nodal/dm-utils/include",
				);
				INSTALL_PATH = "";
				LIBRARY_STYLE = STATIC;
				OTHER_CFLAGS = (
					"-DNDEBUG",
					"-DDM_AUDIOMIDI_USE_COREAUDIO=1",
					"-DDM_AUDIOMIDI_USE_OGG=1",
					"-x",
					"objective-c++",
					"-std=c++0x",
					"-stdlib=libc++",
					"-Wall",
				);
				OTHER_CPLUSPLUSFLAGS = (
					"-DNDEBUG",
					"-DDM_AUDIOMIDI_USE_COREAUDIO=1",
					"-DDM_AUDIOMIDI_USE_OGG=1",
					"-x",
					"objective-c++",
					"-std=c++0x",
					"-stdlib=libc++",
					"-Wall",
				);
				OTHER_LDFLAGS = " ";
				OTHER_REZFLAGS = "";
				PRODUCT_NAME = "dm-audiomidi";
				SDKROOT = macosx;
				SECTORDER_FLAGS = "";
				SYMROOT = "/Users/alex/Development/dinahmoe_V1/builds/nodal/builds/MacOs/dm-audiomidi";
				USE_HEADERMAP = NO;
				WARNING_CFLAGS = (
					"-Wmost",
					"-Wno-four-char-constants",
					"-Wno-unknown-pragmas",
					"$(inherited)",
				);
			};
			name = Release;
		};
		182ADCB77D834F4CB6F4E9F7 /* Debug */ = {
			isa = XCBuildConfiguration;
			buildSettings = {
				CLANG_CXX_LANGUAGE_STANDARD = "c++0x";
				CLANG_CXX_LIBRARY = "libc++";
				COMBINE_HIDPI_IMAGES = YES;
				EXECUTABLE_PREFIX = lib;
				EXECUTABLE_SUFFIX = .a;
				GCC_GENERATE_DEBUGGING_SYMBOLS = YES;
				GCC_INLINES_ARE_PRIVATE_EXTERN = NO;
				GCC_OPTIMIZATION_LEVEL = 3;
				GCC_PREPROCESSOR_DEFINITIONS = (
					"'CMAKE_INTDIR=\"$(CONFIGURATION)$(EFFECTIVE_PLATFORM_NAME)\"'",
					"'DM_PLATFORM_OSX=1'",
					"'DM_PLATFORM_APPLE=1'",
				);
				GCC_SYMBOLS_PRIVATE_EXTERN = NO;
				HEADER_SEARCH_PATHS = (
					"/Users/work/Documents/Development/nodal/build/dm-dsp",
					"/Users/work/Documents/Development/nodal/dm-dsp/include",
					"/Users/work/Documents/Development/nodal/dm-log/include",
				);
				INSTALL_PATH = "";
				LIBRARY_STYLE = STATIC;
				OTHER_CFLAGS = (
					"-x",
					"objective-c++",
					"-std=c++0x",
					"-stdlib=libc++",
					"-Wall",
				);
				OTHER_CPLUSPLUSFLAGS = (
					"-x",
					"objective-c++",
					"-std=c++0x",
					"-stdlib=libc++",
					"-Wall",
				);
				OTHER_LDFLAGS = " ";
				OTHER_REZFLAGS = "";
				PRODUCT_NAME = "dm-dsp";
				SDKROOT = macosx;
				SECTORDER_FLAGS = "";
				SYMROOT = "/Users/alex/Development/dinahmoe_V1/builds/nodal/builds/MacOs/dm-dsp";
				USE_HEADERMAP = NO;
				WARNING_CFLAGS = (
					"-Wmost",
					"-Wno-four-char-constants",
					"-Wno-unknown-pragmas",
					"$(inherited)",
				);
			};
			name = Debug;
		};
		1CB2714F047A4E2AAB795DD8 /* Debug */ = {
			isa = XCBuildConfiguration;
			buildSettings = {
				CLANG_CXX_LANGUAGE_STANDARD = "c++0x";
				CLANG_CXX_LIBRARY = "libc++";
				COMBINE_HIDPI_IMAGES = YES;
				EXECUTABLE_PREFIX = lib;
				EXECUTABLE_SUFFIX = .a;
				GCC_GENERATE_DEBUGGING_SYMBOLS = YES;
				GCC_INLINES_ARE_PRIVATE_EXTERN = NO;
				GCC_OPTIMIZATION_LEVEL = 3;
				GCC_PREPROCESSOR_DEFINITIONS = (
					"'CMAKE_INTDIR=\"$(CONFIGURATION)$(EFFECTIVE_PLATFORM_NAME)\"'",
					"'DM_PLATFORM_OSX=1'",
					"'DM_PLATFORM_APPLE=1'",
				);
				GCC_SYMBOLS_PRIVATE_EXTERN = NO;
				HEADER_SEARCH_PATHS = (
					"/Users/work/Documents/Development/nodal/dm-audiomidi/include",
					"/Users/work/Documents/Development/nodal/dm-utils/include",
				);
				INSTALL_PATH = "";
				LIBRARY_STYLE = STATIC;
				OTHER_CFLAGS = (
					"-DDM_AUDIOMIDI_USE_COREAUDIO=1",
					"-DDM_AUDIOMIDI_USE_OGG=1",
					"-x",
					"objective-c++",
					"-std=c++0x",
					"-stdlib=libc++",
					"-Wall",
				);
				OTHER_CPLUSPLUSFLAGS = (
					"-DDM_AUDIOMIDI_USE_COREAUDIO=1",
					"-DDM_AUDIOMIDI_USE_OGG=1",
					"-x",
					"objective-c++",
					"-std=c++0x",
					"-stdlib=libc++",
					"-Wall",
				);
				OTHER_LDFLAGS = " ";
				OTHER_REZFLAGS = "";
				PRODUCT_NAME = "dm-audiomidi";
				SDKROOT = macosx;
				SECTORDER_FLAGS = "";
				SYMROOT = "/Users/alex/Development/dinahmoe_V1/builds/nodal/builds/MacOs/dm-audiomidi";
				USE_HEADERMAP = NO;
				WARNING_CFLAGS = (
					"-Wmost",
					"-Wno-four-char-constants",
					"-Wno-unknown-pragmas",
					"$(inherited)",
				);
			};
			name = Debug;
		};
		2DB2224DBA5A4F89A0DB09FF /* MinSizeRel */ = {
			isa = XCBuildConfiguration;
			buildSettings = {
				ONLY_ACTIVE_ARCH = YES;
				SDKROOT = /Applications/Xcode.app/Contents/Developer/Platforms/MacOSX.platform/Developer/SDKs/MacOSX10.9.sdk;
				SYMROOT = /Users/alex/Development/dinahmoe_V1/builds/nodal/builds/MacOs/build;
			};
			name = MinSizeRel;
		};
		3C6E1671477A4C50A570F538 /* MinSizeRel */ = {
			isa = XCBuildConfiguration;
			buildSettings = {
				COMBINE_HIDPI_IMAGES = YES;
				EXECUTABLE_PREFIX = lib;
				EXECUTABLE_SUFFIX = .a;
				GCC_GENERATE_DEBUGGING_SYMBOLS = NO;
				GCC_INLINES_ARE_PRIVATE_EXTERN = NO;
				GCC_OPTIMIZATION_LEVEL = s;
				GCC_PREPROCESSOR_DEFINITIONS = (
					"'CMAKE_INTDIR=\"$(CONFIGURATION)$(EFFECTIVE_PLATFORM_NAME)\"'",
					"'DM_PLATFORM_OSX=1'",
					"'DM_PLATFORM_APPLE=1'",
				);
				GCC_SYMBOLS_PRIVATE_EXTERN = NO;
				HEADER_SEARCH_PATHS = (
					"$(inherited)",
					/Applications/Xcode.app/Contents/Developer/Toolchains/XcodeDefault.xctoolchain/usr/include,
					"/Users/work/Documents/Development/nodal/dm-log/include",
					"/Users/work/Documents/Development/nodal/dm-audioengine/include",
					"/Users/work/Documents/Development/nodal/dm-dsp/include",
					"/Users/work/Documents/Development/nodal/dm-utils/include",
					"/Users/work/Documents/Development/nodal/dm-audiomidi/include",
				);
				INSTALL_PATH = "";
				LIBRARY_STYLE = STATIC;
				OTHER_CFLAGS = "    -DNDEBUG  ";
				OTHER_LDFLAGS = " ";
				OTHER_REZFLAGS = "";
				PRODUCT_NAME = nodal;
				SECTORDER_FLAGS = "";
				SYMROOT = /Users/alex/Development/dinahmoe_V1/builds/nodal/builds/MacOs;
				USE_HEADERMAP = NO;
				WARNING_CFLAGS = (
					"-Wmost",
					"-Wno-four-char-constants",
					"-Wno-unknown-pragmas",
					"$(inherited)",
				);
			};
			name = MinSizeRel;
		};
		3FAF28CC236D4D109B0A4CE7 /* RelWithDebInfo */ = {
			isa = XCBuildConfiguration;
			buildSettings = {
				CLANG_CXX_LANGUAGE_STANDARD = "c++0x";
				CLANG_CXX_LIBRARY = "libc++";
				COMBINE_HIDPI_IMAGES = YES;
				EXECUTABLE_PREFIX = lib;
				EXECUTABLE_SUFFIX = .a;
				GCC_GENERATE_DEBUGGING_SYMBOLS = YES;
				GCC_INLINES_ARE_PRIVATE_EXTERN = NO;
				GCC_OPTIMIZATION_LEVEL = 3;
				GCC_PREPROCESSOR_DEFINITIONS = (
					"'CMAKE_INTDIR=\"$(CONFIGURATION)$(EFFECTIVE_PLATFORM_NAME)\"'",
					"'DM_PLATFORM_OSX=1'",
					"'DM_PLATFORM_APPLE=1'",
				);
				GCC_SYMBOLS_PRIVATE_EXTERN = NO;
				HEADER_SEARCH_PATHS = (
					"/Users/work/Documents/Development/nodal/build/dm-dsp",
					"/Users/work/Documents/Development/nodal/dm-dsp/include",
					"/Users/work/Documents/Development/nodal/dm-log/include",
				);
				INSTALL_PATH = "";
				LIBRARY_STYLE = STATIC;
				OTHER_CFLAGS = (
					"-DNDEBUG",
					"-x",
					"objective-c++",
					"-std=c++0x",
					"-stdlib=libc++",
					"-Wall",
				);
				OTHER_CPLUSPLUSFLAGS = (
					"-DNDEBUG",
					"-x",
					"objective-c++",
					"-std=c++0x",
					"-stdlib=libc++",
					"-Wall",
				);
				OTHER_LDFLAGS = " ";
				OTHER_REZFLAGS = "";
				PRODUCT_NAME = "dm-dsp";
				SDKROOT = macosx;
				SECTORDER_FLAGS = "";
				SYMROOT = "/Users/alex/Development/dinahmoe_V1/builds/nodal/builds/MacOs/dm-dsp";
				USE_HEADERMAP = NO;
				WARNING_CFLAGS = (
					"-Wmost",
					"-Wno-four-char-constants",
					"-Wno-unknown-pragmas",
					"$(inherited)",
				);
			};
			name = RelWithDebInfo;
		};
		47C38C1F2FF64C788C3C7FBF /* Release */ = {
			isa = XCBuildConfiguration;
			buildSettings = {
				CLANG_CXX_LANGUAGE_STANDARD = "c++0x";
				CLANG_CXX_LIBRARY = "libc++";
				COMBINE_HIDPI_IMAGES = YES;
				EXECUTABLE_PREFIX = lib;
				EXECUTABLE_SUFFIX = .a;
				GCC_GENERATE_DEBUGGING_SYMBOLS = NO;
				GCC_INLINES_ARE_PRIVATE_EXTERN = NO;
				GCC_OPTIMIZATION_LEVEL = 3;
				GCC_PREPROCESSOR_DEFINITIONS = (
					"'CMAKE_INTDIR=\"$(CONFIGURATION)$(EFFECTIVE_PLATFORM_NAME)\"'",
					"'DM_PLATFORM_OSX=1'",
					"'DM_PLATFORM_APPLE=1'",
				);
				GCC_SYMBOLS_PRIVATE_EXTERN = NO;
				HEADER_SEARCH_PATHS = (
					"/Users/work/Documents/Development/nodal/dm-log/include",
					"/Users/work/Documents/Development/nodal/dm-utils/include",
				);
				INSTALL_PATH = "";
				LIBRARY_STYLE = STATIC;
				OTHER_CFLAGS = (
					"-DNDEBUG",
					"-x",
					"objective-c++",
					"-std=c++0x",
					"-stdlib=libc++",
					"-Wall",
				);
				OTHER_CPLUSPLUSFLAGS = (
					"-DNDEBUG",
					"-x",
					"objective-c++",
					"-std=c++0x",
					"-stdlib=libc++",
					"-Wall",
				);
				OTHER_LDFLAGS = " ";
				OTHER_REZFLAGS = "";
				PRODUCT_NAME = "dm-utils";
				SDKROOT = macosx;
				SECTORDER_FLAGS = "";
				SYMROOT = "/Users/alex/Development/dinahmoe_V1/builds/nodal/builds/MacOs/dm-utils";
				USE_HEADERMAP = NO;
				WARNING_CFLAGS = (
					"-Wmost",
					"-Wno-four-char-constants",
					"-Wno-unknown-pragmas",
					"$(inherited)",
				);
			};
			name = Release;
		};
		54E4E96FF10E48448E894E42 /* MinSizeRel */ = {
			isa = XCBuildConfiguration;
			buildSettings = {
				CLANG_CXX_LANGUAGE_STANDARD = "c++0x";
				CLANG_CXX_LIBRARY = "libc++";
				COMBINE_HIDPI_IMAGES = YES;
				EXECUTABLE_PREFIX = lib;
				EXECUTABLE_SUFFIX = .a;
				GCC_GENERATE_DEBUGGING_SYMBOLS = NO;
				GCC_INLINES_ARE_PRIVATE_EXTERN = NO;
				GCC_OPTIMIZATION_LEVEL = 3;
				GCC_PREPROCESSOR_DEFINITIONS = (
					"'CMAKE_INTDIR=\"$(CONFIGURATION)$(EFFECTIVE_PLATFORM_NAME)\"'",
					"'DM_PLATFORM_OSX=1'",
					"'DM_PLATFORM_APPLE=1'",
				);
				GCC_SYMBOLS_PRIVATE_EXTERN = NO;
				HEADER_SEARCH_PATHS = (
					"/Users/work/Documents/Development/nodal/dm-audiomidi/include",
					"/Users/work/Documents/Development/nodal/dm-utils/include",
				);
				INSTALL_PATH = "";
				LIBRARY_STYLE = STATIC;
				OTHER_CFLAGS = (
					"-DNDEBUG",
					"-DDM_AUDIOMIDI_USE_COREAUDIO=1",
					"-DDM_AUDIOMIDI_USE_OGG=1",
					"-x",
					"objective-c++",
					"-std=c++0x",
					"-stdlib=libc++",
					"-Wall",
				);
				OTHER_CPLUSPLUSFLAGS = (
					"-DNDEBUG",
					"-DDM_AUDIOMIDI_USE_COREAUDIO=1",
					"-DDM_AUDIOMIDI_USE_OGG=1",
					"-x",
					"objective-c++",
					"-std=c++0x",
					"-stdlib=libc++",
					"-Wall",
				);
				OTHER_LDFLAGS = " ";
				OTHER_REZFLAGS = "";
				PRODUCT_NAME = "dm-audiomidi";
				SDKROOT = macosx;
				SECTORDER_FLAGS = "";
				SYMROOT = "/Users/alex/Development/dinahmoe_V1/builds/nodal/builds/MacOs/dm-audiomidi";
				USE_HEADERMAP = NO;
				WARNING_CFLAGS = (
					"-Wmost",
					"-Wno-four-char-constants",
					"-Wno-unknown-pragmas",
					"$(inherited)",
				);
			};
			name = MinSizeRel;
		};
		82FEB6BC43574BD78C04F43F /* Release */ = {
			isa = XCBuildConfiguration;
			buildSettings = {
				COMBINE_HIDPI_IMAGES = YES;
				EXECUTABLE_PREFIX = lib;
				EXECUTABLE_SUFFIX = .a;
				GCC_GENERATE_DEBUGGING_SYMBOLS = NO;
				GCC_INLINES_ARE_PRIVATE_EXTERN = NO;
				GCC_OPTIMIZATION_LEVEL = 3;
				GCC_PREPROCESSOR_DEFINITIONS = (
					"'CMAKE_INTDIR=\"$(CONFIGURATION)$(EFFECTIVE_PLATFORM_NAME)\"'",
					"'DM_PLATFORM_OSX=1'",
					"'DM_PLATFORM_APPLE=1'",
				);
				GCC_SYMBOLS_PRIVATE_EXTERN = NO;
				HEADER_SEARCH_PATHS = (
					"$(inherited)",
					/Applications/Xcode.app/Contents/Developer/Toolchains/XcodeDefault.xctoolchain/usr/include,
					"/Users/work/Documents/Development/nodal/dm-log/include",
					"/Users/work/Documents/Development/nodal/dm-audioengine/include",
					"/Users/work/Documents/Development/nodal/dm-dsp/include",
					"/Users/work/Documents/Development/nodal/dm-utils/include",
					"/Users/work/Documents/Development/nodal/dm-audiomidi/include",
				);
				INSTALL_PATH = "";
				LIBRARY_STYLE = STATIC;
				OTHER_CFLAGS = "    -DNDEBUG  ";
				OTHER_LDFLAGS = " ";
				OTHER_REZFLAGS = "";
				PRODUCT_NAME = nodal;
				SECTORDER_FLAGS = "";
				SYMROOT = /Users/alex/Development/dinahmoe_V1/builds/nodal/builds/MacOs;
				USE_HEADERMAP = NO;
				WARNING_CFLAGS = (
					"-Wmost",
					"-Wno-four-char-constants",
					"-Wno-unknown-pragmas",
					"$(inherited)",
				);
			};
			name = Release;
		};
		8323808CBA1B43FDA3FCA3F3 /* Debug */ = {
			isa = XCBuildConfiguration;
			buildSettings = {
				CLANG_CXX_LANGUAGE_STANDARD = "c++0x";
				CLANG_CXX_LIBRARY = "libc++";
				COMBINE_HIDPI_IMAGES = YES;
				EXECUTABLE_PREFIX = lib;
				EXECUTABLE_SUFFIX = .a;
				GCC_GENERATE_DEBUGGING_SYMBOLS = YES;
				GCC_INLINES_ARE_PRIVATE_EXTERN = NO;
				GCC_OPTIMIZATION_LEVEL = 3;
				GCC_PREPROCESSOR_DEFINITIONS = (
					"'CMAKE_INTDIR=\"$(CONFIGURATION)$(EFFECTIVE_PLATFORM_NAME)\"'",
					"'DM_PLATFORM_OSX=1'",
					"'DM_PLATFORM_APPLE=1'",
				);
				GCC_SYMBOLS_PRIVATE_EXTERN = NO;
				HEADER_SEARCH_PATHS = "/Users/work/Documents/Development/nodal/dm-log/include";
				INSTALL_PATH = "";
				LIBRARY_STYLE = STATIC;
				OTHER_CFLAGS = (
					"-x",
					"objective-c++",
					"-std=c++0x",
					"-stdlib=libc++",
					"-Wall",
				);
				OTHER_CPLUSPLUSFLAGS = (
					"-x",
					"objective-c++",
					"-std=c++0x",
					"-stdlib=libc++",
					"-Wall",
				);
				OTHER_LDFLAGS = " ";
				OTHER_REZFLAGS = "";
				PRODUCT_NAME = "dm-log";
				SDKROOT = macosx;
				SECTORDER_FLAGS = "";
				SYMROOT = "/Users/alex/Development/dinahmoe_V1/builds/nodal/builds/MacOs/dm-log";
				USE_HEADERMAP = NO;
				WARNING_CFLAGS = (
					"-Wmost",
					"-Wno-four-char-constants",
					"-Wno-unknown-pragmas",
					"$(inherited)",
				);
			};
			name = Debug;
		};
		85CFFFD707584B8081568FBA /* Release */ = {
			isa = XCBuildConfiguration;
			buildSettings = {
				CLANG_CXX_LANGUAGE_STANDARD = "c++0x";
				CLANG_CXX_LIBRARY = "libc++";
				COMBINE_HIDPI_IMAGES = YES;
				EXECUTABLE_PREFIX = lib;
				EXECUTABLE_SUFFIX = .a;
				GCC_GENERATE_DEBUGGING_SYMBOLS = NO;
				GCC_INLINES_ARE_PRIVATE_EXTERN = NO;
				GCC_OPTIMIZATION_LEVEL = 3;
				GCC_PREPROCESSOR_DEFINITIONS = (
					"'CMAKE_INTDIR=\"$(CONFIGURATION)$(EFFECTIVE_PLATFORM_NAME)\"'",
					"'DM_PLATFORM_OSX=1'",
					"'DM_PLATFORM_APPLE=1'",
				);
				GCC_SYMBOLS_PRIVATE_EXTERN = NO;
				HEADER_SEARCH_PATHS = (
					"/Users/work/Documents/Development/nodal/build/dm-audioengine",
					"/Users/work/Documents/Development/nodal/dm-utils/include",
					"/Users/work/Documents/Development/nodal/dm-parameters/include",
					"/Users/work/Documents/Development/nodal/dm-log/include",
					"/Users/work/Documents/Development/nodal/dm-audiomidi/include",
					"/Users/work/Documents/Development/nodal/dm-dsp/include",
					"/Users/work/Documents/Development/nodal/dm-audioengine/include",
					"/Users/work/Documents/Development/nodal/dm-audioengine/src",
				);
				INSTALL_PATH = "";
				LIBRARY_STYLE = STATIC;
				OTHER_CFLAGS = (
					"-DNDEBUG",
					"-x",
					"objective-c++",
					"-std=c++0x",
					"-stdlib=libc++",
					"-Wall",
				);
				OTHER_CPLUSPLUSFLAGS = (
					"-DNDEBUG",
					"-x",
					"objective-c++",
					"-std=c++0x",
					"-stdlib=libc++",
					"-Wall",
				);
				OTHER_LDFLAGS = " ";
				OTHER_REZFLAGS = "";
				PRODUCT_NAME = "dm-audioengine";
				SDKROOT = macosx;
				SECTORDER_FLAGS = "";
				SYMROOT = "/Users/alex/Development/dinahmoe_V1/builds/nodal/builds/MacOs/dm-audioengine";
				USE_HEADERMAP = NO;
				WARNING_CFLAGS = (
					"-Wmost",
					"-Wno-four-char-constants",
					"-Wno-unknown-pragmas",
					"$(inherited)",
				);
			};
			name = Release;
		};
		91546DD6E9CE424686291DCD /* MinSizeRel */ = {
			isa = XCBuildConfiguration;
			buildSettings = {
				CLANG_CXX_LANGUAGE_STANDARD = "c++0x";
				CLANG_CXX_LIBRARY = "libc++";
				COMBINE_HIDPI_IMAGES = YES;
				EXECUTABLE_PREFIX = lib;
				EXECUTABLE_SUFFIX = .a;
				GCC_GENERATE_DEBUGGING_SYMBOLS = NO;
				GCC_INLINES_ARE_PRIVATE_EXTERN = NO;
				GCC_OPTIMIZATION_LEVEL = 3;
				GCC_PREPROCESSOR_DEFINITIONS = (
					"'CMAKE_INTDIR=\"$(CONFIGURATION)$(EFFECTIVE_PLATFORM_NAME)\"'",
					"'DM_PLATFORM_OSX=1'",
					"'DM_PLATFORM_APPLE=1'",
				);
				GCC_SYMBOLS_PRIVATE_EXTERN = NO;
				HEADER_SEARCH_PATHS = (
					"/Users/work/Documents/Development/nodal/dm-log/include",
					"/Users/work/Documents/Development/nodal/dm-utils/include",
				);
				INSTALL_PATH = "";
				LIBRARY_STYLE = STATIC;
				OTHER_CFLAGS = (
					"-DNDEBUG",
					"-x",
					"objective-c++",
					"-std=c++0x",
					"-stdlib=libc++",
					"-Wall",
				);
				OTHER_CPLUSPLUSFLAGS = (
					"-DNDEBUG",
					"-x",
					"objective-c++",
					"-std=c++0x",
					"-stdlib=libc++",
					"-Wall",
				);
				OTHER_LDFLAGS = " ";
				OTHER_REZFLAGS = "";
				PRODUCT_NAME = "dm-utils";
				SDKROOT = macosx;
				SECTORDER_FLAGS = "";
				SYMROOT = "/Users/alex/Development/dinahmoe_V1/builds/nodal/builds/MacOs/dm-utils";
				USE_HEADERMAP = NO;
				WARNING_CFLAGS = (
					"-Wmost",
					"-Wno-four-char-constants",
					"-Wno-unknown-pragmas",
					"$(inherited)",
				);
			};
			name = MinSizeRel;
		};
		9D56274AF3A64404BECBCBE0 /* MinSizeRel */ = {
			isa = XCBuildConfiguration;
			buildSettings = {
				CLANG_CXX_LANGUAGE_STANDARD = "c++0x";
				CLANG_CXX_LIBRARY = "libc++";
				COMBINE_HIDPI_IMAGES = YES;
				EXECUTABLE_PREFIX = lib;
				EXECUTABLE_SUFFIX = .a;
				GCC_GENERATE_DEBUGGING_SYMBOLS = NO;
				GCC_INLINES_ARE_PRIVATE_EXTERN = NO;
				GCC_OPTIMIZATION_LEVEL = 3;
				GCC_PREPROCESSOR_DEFINITIONS = (
					"'CMAKE_INTDIR=\"$(CONFIGURATION)$(EFFECTIVE_PLATFORM_NAME)\"'",
					"'DM_PLATFORM_OSX=1'",
					"'DM_PLATFORM_APPLE=1'",
				);
				GCC_SYMBOLS_PRIVATE_EXTERN = NO;
				HEADER_SEARCH_PATHS = (
					"/Users/work/Documents/Development/nodal/build/dm-dsp",
					"/Users/work/Documents/Development/nodal/dm-dsp/include",
					"/Users/work/Documents/Development/nodal/dm-log/include",
				);
				INSTALL_PATH = "";
				LIBRARY_STYLE = STATIC;
				OTHER_CFLAGS = (
					"-DNDEBUG",
					"-x",
					"objective-c++",
					"-std=c++0x",
					"-stdlib=libc++",
					"-Wall",
				);
				OTHER_CPLUSPLUSFLAGS = (
					"-DNDEBUG",
					"-x",
					"objective-c++",
					"-std=c++0x",
					"-stdlib=libc++",
					"-Wall",
				);
				OTHER_LDFLAGS = " ";
				OTHER_REZFLAGS = "";
				PRODUCT_NAME = "dm-dsp";
				SDKROOT = macosx;
				SECTORDER_FLAGS = "";
				SYMROOT = "/Users/alex/Development/dinahmoe_V1/builds/nodal/builds/MacOs/dm-dsp";
				USE_HEADERMAP = NO;
				WARNING_CFLAGS = (
					"-Wmost",
					"-Wno-four-char-constants",
					"-Wno-unknown-pragmas",
					"$(inherited)",
				);
			};
			name = MinSizeRel;
		};
		A0F92CED1D7A4776BE614D0E /* Release */ = {
			isa = XCBuildConfiguration;
			buildSettings = {
				CLANG_CXX_LANGUAGE_STANDARD = "c++0x";
				CLANG_CXX_LIBRARY = "libc++";
				COMBINE_HIDPI_IMAGES = YES;
				EXECUTABLE_PREFIX = lib;
				EXECUTABLE_SUFFIX = .a;
				GCC_GENERATE_DEBUGGING_SYMBOLS = NO;
				GCC_INLINES_ARE_PRIVATE_EXTERN = NO;
				GCC_OPTIMIZATION_LEVEL = 3;
				GCC_PREPROCESSOR_DEFINITIONS = (
					"'CMAKE_INTDIR=\"$(CONFIGURATION)$(EFFECTIVE_PLATFORM_NAME)\"'",
					"'DM_PLATFORM_OSX=1'",
					"'DM_PLATFORM_APPLE=1'",
				);
				GCC_SYMBOLS_PRIVATE_EXTERN = NO;
				HEADER_SEARCH_PATHS = "/Users/work/Documents/Development/nodal/dm-log/include";
				INSTALL_PATH = "";
				LIBRARY_STYLE = STATIC;
				OTHER_CFLAGS = (
					"-DNDEBUG",
					"-x",
					"objective-c++",
					"-std=c++0x",
					"-stdlib=libc++",
					"-Wall",
				);
				OTHER_CPLUSPLUSFLAGS = (
					"-DNDEBUG",
					"-x",
					"objective-c++",
					"-std=c++0x",
					"-stdlib=libc++",
					"-Wall",
				);
				OTHER_LDFLAGS = " ";
				OTHER_REZFLAGS = "";
				PRODUCT_NAME = "dm-log";
				SDKROOT = macosx;
				SECTORDER_FLAGS = "";
				SYMROOT = "/Users/alex/Development/dinahmoe_V1/builds/nodal/builds/MacOs/dm-log";
				USE_HEADERMAP = NO;
				WARNING_CFLAGS = (
					"-Wmost",
					"-Wno-four-char-constants",
					"-Wno-unknown-pragmas",
					"$(inherited)",
				);
			};
			name = Release;
		};
		ACFFFC655AB443B181038676 /* RelWithDebInfo */ = {
			isa = XCBuildConfiguration;
			buildSettings = {
				CLANG_CXX_LANGUAGE_STANDARD = "c++0x";
				CLANG_CXX_LIBRARY = "libc++";
				COMBINE_HIDPI_IMAGES = YES;
				EXECUTABLE_PREFIX = lib;
				EXECUTABLE_SUFFIX = .a;
				GCC_GENERATE_DEBUGGING_SYMBOLS = YES;
				GCC_INLINES_ARE_PRIVATE_EXTERN = NO;
				GCC_OPTIMIZATION_LEVEL = 3;
				GCC_PREPROCESSOR_DEFINITIONS = (
					"'CMAKE_INTDIR=\"$(CONFIGURATION)$(EFFECTIVE_PLATFORM_NAME)\"'",
					"'DM_PLATFORM_OSX=1'",
					"'DM_PLATFORM_APPLE=1'",
				);
				GCC_SYMBOLS_PRIVATE_EXTERN = NO;
				HEADER_SEARCH_PATHS = "/Users/work/Documents/Development/nodal/dm-log/include";
				INSTALL_PATH = "";
				LIBRARY_STYLE = STATIC;
				OTHER_CFLAGS = (
					"-DNDEBUG",
					"-x",
					"objective-c++",
					"-std=c++0x",
					"-stdlib=libc++",
					"-Wall",
				);
				OTHER_CPLUSPLUSFLAGS = (
					"-DNDEBUG",
					"-x",
					"objective-c++",
					"-std=c++0x",
					"-stdlib=libc++",
					"-Wall",
				);
				OTHER_LDFLAGS = " ";
				OTHER_REZFLAGS = "";
				PRODUCT_NAME = "dm-log";
				SDKROOT = macosx;
				SECTORDER_FLAGS = "";
				SYMROOT = "/Users/alex/Development/dinahmoe_V1/builds/nodal/builds/MacOs/dm-log";
				USE_HEADERMAP = NO;
				WARNING_CFLAGS = (
					"-Wmost",
					"-Wno-four-char-constants",
					"-Wno-unknown-pragmas",
					"$(inherited)",
				);
			};
			name = RelWithDebInfo;
		};
		ADA94A7944204DB3A88300B7 /* RelWithDebInfo */ = {
			isa = XCBuildConfiguration;
			buildSettings = {
				CLANG_CXX_LANGUAGE_STANDARD = "c++0x";
				CLANG_CXX_LIBRARY = "libc++";
				COMBINE_HIDPI_IMAGES = YES;
				EXECUTABLE_PREFIX = lib;
				EXECUTABLE_SUFFIX = .a;
				GCC_GENERATE_DEBUGGING_SYMBOLS = YES;
				GCC_INLINES_ARE_PRIVATE_EXTERN = NO;
				GCC_OPTIMIZATION_LEVEL = 3;
				GCC_PREPROCESSOR_DEFINITIONS = (
					"'CMAKE_INTDIR=\"$(CONFIGURATION)$(EFFECTIVE_PLATFORM_NAME)\"'",
					"'DM_PLATFORM_OSX=1'",
					"'DM_PLATFORM_APPLE=1'",
				);
				GCC_SYMBOLS_PRIVATE_EXTERN = NO;
				HEADER_SEARCH_PATHS = (
					"/Users/work/Documents/Development/nodal/build/dm-audioengine",
					"/Users/work/Documents/Development/nodal/dm-utils/include",
					"/Users/work/Documents/Development/nodal/dm-parameters/include",
					"/Users/work/Documents/Development/nodal/dm-log/include",
					"/Users/work/Documents/Development/nodal/dm-audiomidi/include",
					"/Users/work/Documents/Development/nodal/dm-dsp/include",
					"/Users/work/Documents/Development/nodal/dm-audioengine/include",
					"/Users/work/Documents/Development/nodal/dm-audioengine/src",
				);
				INSTALL_PATH = "";
				LIBRARY_STYLE = STATIC;
				OTHER_CFLAGS = (
					"-DNDEBUG",
					"-x",
					"objective-c++",
					"-std=c++0x",
					"-stdlib=libc++",
					"-Wall",
				);
				OTHER_CPLUSPLUSFLAGS = (
					"-DNDEBUG",
					"-x",
					"objective-c++",
					"-std=c++0x",
					"-stdlib=libc++",
					"-Wall",
				);
				OTHER_LDFLAGS = " ";
				OTHER_REZFLAGS = "";
				PRODUCT_NAME = "dm-audioengine";
				SDKROOT = macosx;
				SECTORDER_FLAGS = "";
				SYMROOT = "/Users/alex/Development/dinahmoe_V1/builds/nodal/builds/MacOs/dm-audioengine";
				USE_HEADERMAP = NO;
				WARNING_CFLAGS = (
					"-Wmost",
					"-Wno-four-char-constants",
					"-Wno-unknown-pragmas",
					"$(inherited)",
				);
			};
			name = RelWithDebInfo;
		};
		B2AF7431FE1342DFB2448305 /* RelWithDebInfo */ = {
			isa = XCBuildConfiguration;
			buildSettings = {
				COMBINE_HIDPI_IMAGES = YES;
				EXECUTABLE_PREFIX = lib;
				EXECUTABLE_SUFFIX = .a;
				GCC_GENERATE_DEBUGGING_SYMBOLS = YES;
				GCC_INLINES_ARE_PRIVATE_EXTERN = NO;
				GCC_OPTIMIZATION_LEVEL = 2;
				GCC_PREPROCESSOR_DEFINITIONS = (
					"'CMAKE_INTDIR=\"$(CONFIGURATION)$(EFFECTIVE_PLATFORM_NAME)\"'",
					"'DM_PLATFORM_OSX=1'",
					"'DM_PLATFORM_APPLE=1'",
				);
				GCC_SYMBOLS_PRIVATE_EXTERN = NO;
				HEADER_SEARCH_PATHS = (
					"$(inherited)",
					/Applications/Xcode.app/Contents/Developer/Toolchains/XcodeDefault.xctoolchain/usr/include,
					"/Users/work/Documents/Development/nodal/dm-log/include",
					"/Users/work/Documents/Development/nodal/dm-audioengine/include",
					"/Users/work/Documents/Development/nodal/dm-dsp/include",
					"/Users/work/Documents/Development/nodal/dm-utils/include",
					"/Users/work/Documents/Development/nodal/dm-audiomidi/include",
				);
				INSTALL_PATH = "";
				LIBRARY_STYLE = STATIC;
				OTHER_CFLAGS = "       -DNDEBUG  ";
				OTHER_LDFLAGS = " ";
				OTHER_REZFLAGS = "";
				PRODUCT_NAME = nodal;
				SECTORDER_FLAGS = "";
				SYMROOT = /Users/alex/Development/dinahmoe_V1/builds/nodal/builds/MacOs;
				USE_HEADERMAP = NO;
				WARNING_CFLAGS = (
					"-Wmost",
					"-Wno-four-char-constants",
					"-Wno-unknown-pragmas",
					"$(inherited)",
				);
			};
			name = RelWithDebInfo;
		};
		B3D299137DCE49D2B1BB3957 /* MinSizeRel */ = {
			isa = XCBuildConfiguration;
			buildSettings = {
				CLANG_CXX_LANGUAGE_STANDARD = "c++0x";
				CLANG_CXX_LIBRARY = "libc++";
				COMBINE_HIDPI_IMAGES = YES;
				EXECUTABLE_PREFIX = lib;
				EXECUTABLE_SUFFIX = .a;
				GCC_GENERATE_DEBUGGING_SYMBOLS = NO;
				GCC_INLINES_ARE_PRIVATE_EXTERN = NO;
				GCC_OPTIMIZATION_LEVEL = 3;
				GCC_PREPROCESSOR_DEFINITIONS = (
					"'CMAKE_INTDIR=\"$(CONFIGURATION)$(EFFECTIVE_PLATFORM_NAME)\"'",
					"'DM_PLATFORM_OSX=1'",
					"'DM_PLATFORM_APPLE=1'",
				);
				GCC_SYMBOLS_PRIVATE_EXTERN = NO;
				HEADER_SEARCH_PATHS = "/Users/work/Documents/Development/nodal/dm-log/include";
				INSTALL_PATH = "";
				LIBRARY_STYLE = STATIC;
				OTHER_CFLAGS = (
					"-DNDEBUG",
					"-x",
					"objective-c++",
					"-std=c++0x",
					"-stdlib=libc++",
					"-Wall",
				);
				OTHER_CPLUSPLUSFLAGS = (
					"-DNDEBUG",
					"-x",
					"objective-c++",
					"-std=c++0x",
					"-stdlib=libc++",
					"-Wall",
				);
				OTHER_LDFLAGS = " ";
				OTHER_REZFLAGS = "";
				PRODUCT_NAME = "dm-log";
				SDKROOT = macosx;
				SECTORDER_FLAGS = "";
				SYMROOT = "/Users/alex/Development/dinahmoe_V1/builds/nodal/builds/MacOs/dm-log";
				USE_HEADERMAP = NO;
				WARNING_CFLAGS = (
					"-Wmost",
					"-Wno-four-char-constants",
					"-Wno-unknown-pragmas",
					"$(inherited)",
				);
			};
			name = MinSizeRel;
		};
		BF5B964FD9AE454F887E045D /* RelWithDebInfo */ = {
			isa = XCBuildConfiguration;
			buildSettings = {
				CLANG_CXX_LANGUAGE_STANDARD = "c++0x";
				CLANG_CXX_LIBRARY = "libc++";
				COMBINE_HIDPI_IMAGES = YES;
				EXECUTABLE_PREFIX = lib;
				EXECUTABLE_SUFFIX = .a;
				GCC_GENERATE_DEBUGGING_SYMBOLS = YES;
				GCC_INLINES_ARE_PRIVATE_EXTERN = NO;
				GCC_OPTIMIZATION_LEVEL = 3;
				GCC_PREPROCESSOR_DEFINITIONS = (
					"'CMAKE_INTDIR=\"$(CONFIGURATION)$(EFFECTIVE_PLATFORM_NAME)\"'",
					"'DM_PLATFORM_OSX=1'",
					"'DM_PLATFORM_APPLE=1'",
				);
				GCC_SYMBOLS_PRIVATE_EXTERN = NO;
				HEADER_SEARCH_PATHS = (
					"/Users/work/Documents/Development/nodal/dm-log/include",
					"/Users/work/Documents/Development/nodal/dm-utils/include",
				);
				INSTALL_PATH = "";
				LIBRARY_STYLE = STATIC;
				OTHER_CFLAGS = (
					"-DNDEBUG",
					"-x",
					"objective-c++",
					"-std=c++0x",
					"-stdlib=libc++",
					"-Wall",
				);
				OTHER_CPLUSPLUSFLAGS = (
					"-DNDEBUG",
					"-x",
					"objective-c++",
					"-std=c++0x",
					"-stdlib=libc++",
					"-Wall",
				);
				OTHER_LDFLAGS = " ";
				OTHER_REZFLAGS = "";
				PRODUCT_NAME = "dm-utils";
				SDKROOT = macosx;
				SECTORDER_FLAGS = "";
				SYMROOT = "/Users/alex/Development/dinahmoe_V1/builds/nodal/builds/MacOs/dm-utils";
				USE_HEADERMAP = NO;
				WARNING_CFLAGS = (
					"-Wmost",
					"-Wno-four-char-constants",
					"-Wno-unknown-pragmas",
					"$(inherited)",
				);
			};
			name = RelWithDebInfo;
		};
		CAAC2C850CA340C58AFBC935 /* Release */ = {
			isa = XCBuildConfiguration;
			buildSettings = {
				ONLY_ACTIVE_ARCH = YES;
				SDKROOT = /Applications/Xcode.app/Contents/Developer/Platforms/MacOSX.platform/Developer/SDKs/MacOSX10.9.sdk;
				SYMROOT = /Users/alex/Development/dinahmoe_V1/builds/nodal/builds/MacOs/build;
			};
			name = Release;
		};
		D57B71170EF8422F913A94AF /* Debug */ = {
			isa = XCBuildConfiguration;
			buildSettings = {
				ONLY_ACTIVE_ARCH = YES;
				SDKROOT = /Applications/Xcode.app/Contents/Developer/Platforms/MacOSX.platform/Developer/SDKs/MacOSX10.9.sdk;
				SYMROOT = /Users/alex/Development/dinahmoe_V1/builds/nodal/builds/MacOs/build;
			};
			name = Debug;
		};
		E41001B9F77C445DBA5BFB55 /* RelWithDebInfo */ = {
			isa = XCBuildConfiguration;
			buildSettings = {
				ONLY_ACTIVE_ARCH = YES;
				SDKROOT = /Applications/Xcode.app/Contents/Developer/Platforms/MacOSX.platform/Developer/SDKs/MacOSX10.9.sdk;
				SYMROOT = /Users/alex/Development/dinahmoe_V1/builds/nodal/builds/MacOs/build;
			};
			name = RelWithDebInfo;
		};
		F518381B03AF40B78B6F79B2 /* Release */ = {
			isa = XCBuildConfiguration;
			buildSettings = {
				CLANG_CXX_LANGUAGE_STANDARD = "c++0x";
				CLANG_CXX_LIBRARY = "libc++";
				COMBINE_HIDPI_IMAGES = YES;
				EXECUTABLE_PREFIX = lib;
				EXECUTABLE_SUFFIX = .a;
				GCC_GENERATE_DEBUGGING_SYMBOLS = NO;
				GCC_INLINES_ARE_PRIVATE_EXTERN = NO;
				GCC_OPTIMIZATION_LEVEL = 3;
				GCC_PREPROCESSOR_DEFINITIONS = (
					"'CMAKE_INTDIR=\"$(CONFIGURATION)$(EFFECTIVE_PLATFORM_NAME)\"'",
					"'DM_PLATFORM_OSX=1'",
					"'DM_PLATFORM_APPLE=1'",
				);
				GCC_SYMBOLS_PRIVATE_EXTERN = NO;
				HEADER_SEARCH_PATHS = (
					"/Users/work/Documents/Development/nodal/build/dm-dsp",
					"/Users/work/Documents/Development/nodal/dm-dsp/include",
					"/Users/work/Documents/Development/nodal/dm-log/include",
				);
				INSTALL_PATH = "";
				LIBRARY_STYLE = STATIC;
				OTHER_CFLAGS = (
					"-DNDEBUG",
					"-x",
					"objective-c++",
					"-std=c++0x",
					"-stdlib=libc++",
					"-Wall",
				);
				OTHER_CPLUSPLUSFLAGS = (
					"-DNDEBUG",
					"-x",
					"objective-c++",
					"-std=c++0x",
					"-stdlib=libc++",
					"-Wall",
				);
				OTHER_LDFLAGS = " ";
				OTHER_REZFLAGS = "";
				PRODUCT_NAME = "dm-dsp";
				SDKROOT = macosx;
				SECTORDER_FLAGS = "";
				SYMROOT = "/Users/alex/Development/dinahmoe_V1/builds/nodal/builds/MacOs/dm-dsp";
				USE_HEADERMAP = NO;
				WARNING_CFLAGS = (
					"-Wmost",
					"-Wno-four-char-constants",
					"-Wno-unknown-pragmas",
					"$(inherited)",
				);
			};
			name = Release;
		};
		F8A5DD517E3B4D8CBDEBA636 /* Debug */ = {
			isa = XCBuildConfiguration;
			buildSettings = {
				COMBINE_HIDPI_IMAGES = YES;
				EXECUTABLE_PREFIX = lib;
				EXECUTABLE_SUFFIX = .a;
				GCC_GENERATE_DEBUGGING_SYMBOLS = YES;
				GCC_INLINES_ARE_PRIVATE_EXTERN = NO;
				GCC_OPTIMIZATION_LEVEL = 0;
				GCC_PREPROCESSOR_DEFINITIONS = (
					"'CMAKE_INTDIR=\"$(CONFIGURATION)$(EFFECTIVE_PLATFORM_NAME)\"'",
					"'DM_PLATFORM_OSX=1'",
					"'DM_PLATFORM_APPLE=1'",
				);
				GCC_SYMBOLS_PRIVATE_EXTERN = NO;
				HEADER_SEARCH_PATHS = (
					"$(inherited)",
					/Applications/Xcode.app/Contents/Developer/Toolchains/XcodeDefault.xctoolchain/usr/include,
					"/Users/work/Documents/Development/nodal/dm-log/include",
					"/Users/work/Documents/Development/nodal/dm-audioengine/include",
					"/Users/work/Documents/Development/nodal/dm-dsp/include",
					"/Users/work/Documents/Development/nodal/dm-utils/include",
					"/Users/work/Documents/Development/nodal/dm-audiomidi/include",
				);
				INSTALL_PATH = "";
				LIBRARY_STYLE = STATIC;
				OTHER_CFLAGS = "    ";
				OTHER_LDFLAGS = " ";
				OTHER_REZFLAGS = "";
				PRODUCT_NAME = nodal;
				SECTORDER_FLAGS = "";
				SYMROOT = /Users/alex/Development/dinahmoe_V1/builds/nodal/builds/MacOs;
				USE_HEADERMAP = NO;
				WARNING_CFLAGS = (
					"-Wmost",
					"-Wno-four-char-constants",
					"-Wno-unknown-pragmas",
					"$(inherited)",
				);
			};
			name = Debug;
		};
		F94862AF6F3348F9A81F4254 /* RelWithDebInfo */ = {
			isa = XCBuildConfiguration;
			buildSettings = {
				CLANG_CXX_LANGUAGE_STANDARD = "c++0x";
				CLANG_CXX_LIBRARY = "libc++";
				COMBINE_HIDPI_IMAGES = YES;
				EXECUTABLE_PREFIX = lib;
				EXECUTABLE_SUFFIX = .a;
				GCC_GENERATE_DEBUGGING_SYMBOLS = YES;
				GCC_INLINES_ARE_PRIVATE_EXTERN = NO;
				GCC_OPTIMIZATION_LEVEL = 3;
				GCC_PREPROCESSOR_DEFINITIONS = (
					"'CMAKE_INTDIR=\"$(CONFIGURATION)$(EFFECTIVE_PLATFORM_NAME)\"'",
					"'DM_PLATFORM_OSX=1'",
					"'DM_PLATFORM_APPLE=1'",
				);
				GCC_SYMBOLS_PRIVATE_EXTERN = NO;
				HEADER_SEARCH_PATHS = (
					"/Users/work/Documents/Development/nodal/dm-audiomidi/include",
					"/Users/work/Documents/Development/nodal/dm-utils/include",
				);
				INSTALL_PATH = "";
				LIBRARY_STYLE = STATIC;
				OTHER_CFLAGS = (
					"-DNDEBUG",
					"-DDM_AUDIOMIDI_USE_COREAUDIO=1",
					"-DDM_AUDIOMIDI_USE_OGG=1",
					"-x",
					"objective-c++",
					"-std=c++0x",
					"-stdlib=libc++",
					"-Wall",
				);
				OTHER_CPLUSPLUSFLAGS = (
					"-DNDEBUG",
					"-DDM_AUDIOMIDI_USE_COREAUDIO=1",
					"-DDM_AUDIOMIDI_USE_OGG=1",
					"-x",
					"objective-c++",
					"-std=c++0x",
					"-stdlib=libc++",
					"-Wall",
				);
				OTHER_LDFLAGS = " ";
				OTHER_REZFLAGS = "";
				PRODUCT_NAME = "dm-audiomidi";
				SDKROOT = macosx;
				SECTORDER_FLAGS = "";
				SYMROOT = "/Users/alex/Development/dinahmoe_V1/builds/nodal/builds/MacOs/dm-audiomidi";
				USE_HEADERMAP = NO;
				WARNING_CFLAGS = (
					"-Wmost",
					"-Wno-four-char-constants",
					"-Wno-unknown-pragmas",
					"$(inherited)",
				);
			};
			name = RelWithDebInfo;
		};
		FFF3F45C9A974A34B23ABBB9 /* MinSizeRel */ = {
			isa = XCBuildConfiguration;
			buildSettings = {
				CLANG_CXX_LANGUAGE_STANDARD = "c++0x";
				CLANG_CXX_LIBRARY = "libc++";
				COMBINE_HIDPI_IMAGES = YES;
				EXECUTABLE_PREFIX = lib;
				EXECUTABLE_SUFFIX = .a;
				GCC_GENERATE_DEBUGGING_SYMBOLS = NO;
				GCC_INLINES_ARE_PRIVATE_EXTERN = NO;
				GCC_OPTIMIZATION_LEVEL = 3;
				GCC_PREPROCESSOR_DEFINITIONS = (
					"'CMAKE_INTDIR=\"$(CONFIGURATION)$(EFFECTIVE_PLATFORM_NAME)\"'",
					"'DM_PLATFORM_OSX=1'",
					"'DM_PLATFORM_APPLE=1'",
				);
				GCC_SYMBOLS_PRIVATE_EXTERN = NO;
				HEADER_SEARCH_PATHS = (
					"/Users/work/Documents/Development/nodal/build/dm-audioengine",
					"/Users/work/Documents/Development/nodal/dm-utils/include",
					"/Users/work/Documents/Development/nodal/dm-parameters/include",
					"/Users/work/Documents/Development/nodal/dm-log/include",
					"/Users/work/Documents/Development/nodal/dm-audiomidi/include",
					"/Users/work/Documents/Development/nodal/dm-dsp/include",
					"/Users/work/Documents/Development/nodal/dm-audioengine/include",
					"/Users/work/Documents/Development/nodal/dm-audioengine/src",
				);
				INSTALL_PATH = "";
				LIBRARY_STYLE = STATIC;
				OTHER_CFLAGS = (
					"-DNDEBUG",
					"-x",
					"objective-c++",
					"-std=c++0x",
					"-stdlib=libc++",
					"-Wall",
				);
				OTHER_CPLUSPLUSFLAGS = (
					"-DNDEBUG",
					"-x",
					"objective-c++",
					"-std=c++0x",
					"-stdlib=libc++",
					"-Wall",
				);
				OTHER_LDFLAGS = " ";
				OTHER_REZFLAGS = "";
				PRODUCT_NAME = "dm-audioengine";
				SDKROOT = macosx;
				SECTORDER_FLAGS = "";
				SYMROOT = "/Users/alex/Development/dinahmoe_V1/builds/nodal/builds/MacOs/dm-audioengine";
				USE_HEADERMAP = NO;
				WARNING_CFLAGS = (
					"-Wmost",
					"-Wno-four-char-constants",
					"-Wno-unknown-pragmas",
					"$(inherited)",
				);
			};
			name = MinSizeRel;
		};
/* End XCBuildConfiguration section */

/* Begin XCConfigurationList section */
		2463563DF5474106851FE59E /* Build configuration list for PBXNativeTarget "dm-log" */ = {
			isa = XCConfigurationList;
			buildConfigurations = (
				8323808CBA1B43FDA3FCA3F3 /* Debug */,
				A0F92CED1D7A4776BE614D0E /* Release */,
				B3D299137DCE49D2B1BB3957 /* MinSizeRel */,
				ACFFFC655AB443B181038676 /* RelWithDebInfo */,
			);
			defaultConfigurationIsVisible = 0;
			defaultConfigurationName = Debug;
		};
		53E3A703105F4A5AA2B63872 /* Build configuration list for PBXProject "Nodal" */ = {
			isa = XCConfigurationList;
			buildConfigurations = (
				D57B71170EF8422F913A94AF /* Debug */,
				CAAC2C850CA340C58AFBC935 /* Release */,
				2DB2224DBA5A4F89A0DB09FF /* MinSizeRel */,
				E41001B9F77C445DBA5BFB55 /* RelWithDebInfo */,
			);
			defaultConfigurationIsVisible = 0;
			defaultConfigurationName = Debug;
		};
		6B582A9DF551420AA030ADF7 /* Build configuration list for PBXNativeTarget "nodal" */ = {
			isa = XCConfigurationList;
			buildConfigurations = (
				F8A5DD517E3B4D8CBDEBA636 /* Debug */,
				82FEB6BC43574BD78C04F43F /* Release */,
				3C6E1671477A4C50A570F538 /* MinSizeRel */,
				B2AF7431FE1342DFB2448305 /* RelWithDebInfo */,
			);
			defaultConfigurationIsVisible = 0;
			defaultConfigurationName = Debug;
		};
		6F99D78B742C4CCA86DC8B2A /* Build configuration list for PBXNativeTarget "dm-audiomidi" */ = {
			isa = XCConfigurationList;
			buildConfigurations = (
				1CB2714F047A4E2AAB795DD8 /* Debug */,
				15C5C3386D3E41A7A99B273B /* Release */,
				54E4E96FF10E48448E894E42 /* MinSizeRel */,
				F94862AF6F3348F9A81F4254 /* RelWithDebInfo */,
			);
			defaultConfigurationIsVisible = 0;
			defaultConfigurationName = Debug;
		};
		AE956303DA6A45A1A33A68FC /* Build configuration list for PBXNativeTarget "dm-dsp" */ = {
			isa = XCConfigurationList;
			buildConfigurations = (
				182ADCB77D834F4CB6F4E9F7 /* Debug */,
				F518381B03AF40B78B6F79B2 /* Release */,
				9D56274AF3A64404BECBCBE0 /* MinSizeRel */,
				3FAF28CC236D4D109B0A4CE7 /* RelWithDebInfo */,
			);
			defaultConfigurationIsVisible = 0;
			defaultConfigurationName = Debug;
		};
		CF248C4C784F436CBA62CE15 /* Build configuration list for PBXNativeTarget "dm-audioengine" */ = {
			isa = XCConfigurationList;
			buildConfigurations = (
				0C091FC7F2384CFFBDC0C92A /* Debug */,
				85CFFFD707584B8081568FBA /* Release */,
				FFF3F45C9A974A34B23ABBB9 /* MinSizeRel */,
				ADA94A7944204DB3A88300B7 /* RelWithDebInfo */,
			);
			defaultConfigurationIsVisible = 0;
			defaultConfigurationName = Debug;
		};
		F8376AD05DB34371A0A718D4 /* Build configuration list for PBXNativeTarget "dm-utils" */ = {
			isa = XCConfigurationList;
			buildConfigurations = (
				081B8CA03E9242139C4796D2 /* Debug */,
				47C38C1F2FF64C788C3C7FBF /* Release */,
				91546DD6E9CE424686291DCD /* MinSizeRel */,
				BF5B964FD9AE454F887E045D /* RelWithDebInfo */,
			);
			defaultConfigurationIsVisible = 0;
			defaultConfigurationName = Debug;
		};
/* End XCConfigurationList section */
	};
	rootObject = D04A2C90AE424C838AA6E1F4 /* Project object */;
}
